// !$*UTF8*$!
{
	archiveVersion = 1;
	classes = {
	};
	objectVersion = 46;
	objects = {

/* Begin PBXBuildFile section */
		013EDFA91C0A9C26003F6A21 /* KxMenu.m in Sources */ = {isa = PBXBuildFile; fileRef = 013EDF591C0A9C26003F6A21 /* KxMenu.m */; };
		013EDFAA1C0A9C26003F6A21 /* MJRefreshAutoFooter.m in Sources */ = {isa = PBXBuildFile; fileRef = 013EDF5D1C0A9C26003F6A21 /* MJRefreshAutoFooter.m */; };
		013EDFAB1C0A9C26003F6A21 /* MJRefreshBackFooter.m in Sources */ = {isa = PBXBuildFile; fileRef = 013EDF5F1C0A9C26003F6A21 /* MJRefreshBackFooter.m */; };
		013EDFAC1C0A9C26003F6A21 /* MJRefreshComponent.m in Sources */ = {isa = PBXBuildFile; fileRef = 013EDF611C0A9C26003F6A21 /* MJRefreshComponent.m */; };
		013EDFAD1C0A9C26003F6A21 /* MJRefreshFooter.m in Sources */ = {isa = PBXBuildFile; fileRef = 013EDF631C0A9C26003F6A21 /* MJRefreshFooter.m */; };
		013EDFAE1C0A9C26003F6A21 /* MJRefreshHeader.m in Sources */ = {isa = PBXBuildFile; fileRef = 013EDF651C0A9C26003F6A21 /* MJRefreshHeader.m */; };
		013EDFAF1C0A9C26003F6A21 /* MJRefreshAutoGifFooter.m in Sources */ = {isa = PBXBuildFile; fileRef = 013EDF6A1C0A9C26003F6A21 /* MJRefreshAutoGifFooter.m */; };
		013EDFB01C0A9C26003F6A21 /* MJRefreshAutoNormalFooter.m in Sources */ = {isa = PBXBuildFile; fileRef = 013EDF6C1C0A9C26003F6A21 /* MJRefreshAutoNormalFooter.m */; };
		013EDFB11C0A9C26003F6A21 /* MJRefreshAutoStateFooter.m in Sources */ = {isa = PBXBuildFile; fileRef = 013EDF6E1C0A9C26003F6A21 /* MJRefreshAutoStateFooter.m */; };
		013EDFB21C0A9C26003F6A21 /* MJRefreshBackGifFooter.m in Sources */ = {isa = PBXBuildFile; fileRef = 013EDF711C0A9C26003F6A21 /* MJRefreshBackGifFooter.m */; };
		013EDFB31C0A9C26003F6A21 /* MJRefreshBackNormalFooter.m in Sources */ = {isa = PBXBuildFile; fileRef = 013EDF731C0A9C26003F6A21 /* MJRefreshBackNormalFooter.m */; };
		013EDFB41C0A9C26003F6A21 /* MJRefreshBackStateFooter.m in Sources */ = {isa = PBXBuildFile; fileRef = 013EDF751C0A9C26003F6A21 /* MJRefreshBackStateFooter.m */; };
		013EDFB51C0A9C26003F6A21 /* MJRefreshGifHeader.m in Sources */ = {isa = PBXBuildFile; fileRef = 013EDF781C0A9C26003F6A21 /* MJRefreshGifHeader.m */; };
		013EDFB61C0A9C26003F6A21 /* MJRefreshNormalHeader.m in Sources */ = {isa = PBXBuildFile; fileRef = 013EDF7A1C0A9C26003F6A21 /* MJRefreshNormalHeader.m */; };
		013EDFB71C0A9C26003F6A21 /* MJRefreshStateHeader.m in Sources */ = {isa = PBXBuildFile; fileRef = 013EDF7C1C0A9C26003F6A21 /* MJRefreshStateHeader.m */; };
		013EDFB81C0A9C26003F6A21 /* MJRefresh.bundle in Resources */ = {isa = PBXBuildFile; fileRef = 013EDF7D1C0A9C26003F6A21 /* MJRefresh.bundle */; };
		013EDFB91C0A9C26003F6A21 /* MJRefreshConst.m in Sources */ = {isa = PBXBuildFile; fileRef = 013EDF801C0A9C26003F6A21 /* MJRefreshConst.m */; };
		013EDFBA1C0A9C26003F6A21 /* UIScrollView+MJExtension.m in Sources */ = {isa = PBXBuildFile; fileRef = 013EDF821C0A9C26003F6A21 /* UIScrollView+MJExtension.m */; };
		013EDFBB1C0A9C26003F6A21 /* UIScrollView+MJRefresh.m in Sources */ = {isa = PBXBuildFile; fileRef = 013EDF841C0A9C26003F6A21 /* UIScrollView+MJRefresh.m */; };
		013EDFBC1C0A9C26003F6A21 /* UIView+MJExtension.m in Sources */ = {isa = PBXBuildFile; fileRef = 013EDF861C0A9C26003F6A21 /* UIView+MJExtension.m */; };
		013EDFBD1C0A9C26003F6A21 /* MKAnnotationView+WebCache.m in Sources */ = {isa = PBXBuildFile; fileRef = 013EDF891C0A9C26003F6A21 /* MKAnnotationView+WebCache.m */; };
		013EDFBE1C0A9C26003F6A21 /* NSData+ImageContentType.m in Sources */ = {isa = PBXBuildFile; fileRef = 013EDF8B1C0A9C26003F6A21 /* NSData+ImageContentType.m */; };
		013EDFBF1C0A9C26003F6A21 /* SDImageCache.m in Sources */ = {isa = PBXBuildFile; fileRef = 013EDF8D1C0A9C26003F6A21 /* SDImageCache.m */; };
		013EDFC01C0A9C26003F6A21 /* SDWebImageCompat.m in Sources */ = {isa = PBXBuildFile; fileRef = 013EDF8F1C0A9C26003F6A21 /* SDWebImageCompat.m */; };
		013EDFC11C0A9C26003F6A21 /* SDWebImageDecoder.m in Sources */ = {isa = PBXBuildFile; fileRef = 013EDF911C0A9C26003F6A21 /* SDWebImageDecoder.m */; };
		013EDFC21C0A9C26003F6A21 /* SDWebImageDownloader.m in Sources */ = {isa = PBXBuildFile; fileRef = 013EDF931C0A9C26003F6A21 /* SDWebImageDownloader.m */; };
		013EDFC31C0A9C26003F6A21 /* SDWebImageDownloaderOperation.m in Sources */ = {isa = PBXBuildFile; fileRef = 013EDF951C0A9C26003F6A21 /* SDWebImageDownloaderOperation.m */; };
		013EDFC41C0A9C26003F6A21 /* SDWebImageManager.m in Sources */ = {isa = PBXBuildFile; fileRef = 013EDF971C0A9C26003F6A21 /* SDWebImageManager.m */; };
		013EDFC51C0A9C26003F6A21 /* SDWebImagePrefetcher.m in Sources */ = {isa = PBXBuildFile; fileRef = 013EDF9A1C0A9C26003F6A21 /* SDWebImagePrefetcher.m */; };
		013EDFC61C0A9C26003F6A21 /* UIButton+WebCache.m in Sources */ = {isa = PBXBuildFile; fileRef = 013EDF9C1C0A9C26003F6A21 /* UIButton+WebCache.m */; };
		013EDFC71C0A9C26003F6A21 /* UIImage+GIF.m in Sources */ = {isa = PBXBuildFile; fileRef = 013EDF9E1C0A9C26003F6A21 /* UIImage+GIF.m */; };
		013EDFC81C0A9C26003F6A21 /* UIImage+MultiFormat.m in Sources */ = {isa = PBXBuildFile; fileRef = 013EDFA01C0A9C26003F6A21 /* UIImage+MultiFormat.m */; };
		013EDFC91C0A9C26003F6A21 /* UIImage+WebP.m in Sources */ = {isa = PBXBuildFile; fileRef = 013EDFA21C0A9C26003F6A21 /* UIImage+WebP.m */; };
		013EDFCA1C0A9C26003F6A21 /* UIImageView+HighlightedWebCache.m in Sources */ = {isa = PBXBuildFile; fileRef = 013EDFA41C0A9C26003F6A21 /* UIImageView+HighlightedWebCache.m */; };
		013EDFCB1C0A9C26003F6A21 /* UIImageView+WebCache.m in Sources */ = {isa = PBXBuildFile; fileRef = 013EDFA61C0A9C26003F6A21 /* UIImageView+WebCache.m */; };
		013EDFCC1C0A9C26003F6A21 /* UIView+WebCacheOperation.m in Sources */ = {isa = PBXBuildFile; fileRef = 013EDFA81C0A9C26003F6A21 /* UIView+WebCacheOperation.m */; };
		013EDFD31C0BEEF2003F6A21 /* GHPublishCell.m in Sources */ = {isa = PBXBuildFile; fileRef = 013EDFD11C0BEEF2003F6A21 /* GHPublishCell.m */; };
		013EDFD41C0BEEF2003F6A21 /* GHPublishCell.xib in Resources */ = {isa = PBXBuildFile; fileRef = 013EDFD21C0BEEF2003F6A21 /* GHPublishCell.xib */; };
		01456CB11C04851700063C87 /* GHMy.storyboard in Resources */ = {isa = PBXBuildFile; fileRef = 01456CB01C04851700063C87 /* GHMy.storyboard */; };
		01456CB51C0486BE00063C87 /* GHMyViewController.m in Sources */ = {isa = PBXBuildFile; fileRef = 01456CB41C0486BE00063C87 /* GHMyViewController.m */; };
		0188268A1C08274D00C9422E /* ImageIO.framework in Frameworks */ = {isa = PBXBuildFile; fileRef = 018826891C08274D00C9422E /* ImageIO.framework */; };
		01BF9BE51BFF53FD00B2944A /* GHMoranTests.m in Sources */ = {isa = PBXBuildFile; fileRef = 01BF9BE41BFF53FD00B2944A /* GHMoranTests.m */; };
		01BF9BF01BFF53FD00B2944A /* GHMoranUITests.m in Sources */ = {isa = PBXBuildFile; fileRef = 01BF9BEF1BFF53FD00B2944A /* GHMoranUITests.m */; };
		01BF9C211BFF554700B2944A /* AppDelegate.m in Sources */ = {isa = PBXBuildFile; fileRef = 01BF9BFF1BFF554700B2944A /* AppDelegate.m */; };
		01BF9C241BFF554700B2944A /* GHGlobal.m in Sources */ = {isa = PBXBuildFile; fileRef = 01BF9C081BFF554700B2944A /* GHGlobal.m */; };
		01BF9C251BFF554700B2944A /* GHUserModel.m in Sources */ = {isa = PBXBuildFile; fileRef = 01BF9C0C1BFF554700B2944A /* GHUserModel.m */; };
		01BF9C261BFF554700B2944A /* GHLoginRequestParser.m in Sources */ = {isa = PBXBuildFile; fileRef = 01BF9C101BFF554700B2944A /* GHLoginRequestParser.m */; };
		01BF9C271BFF554700B2944A /* GHLoginRequest.m in Sources */ = {isa = PBXBuildFile; fileRef = 01BF9C131BFF554700B2944A /* GHLoginRequest.m */; };
		01BF9C281BFF554700B2944A /* BLMultipartForm.m in Sources */ = {isa = PBXBuildFile; fileRef = 01BF9C161BFF554700B2944A /* BLMultipartForm.m */; };
		01BF9C2A1BFF554700B2944A /* LaunchScreen.storyboard in Resources */ = {isa = PBXBuildFile; fileRef = 01BF9C191BFF554700B2944A /* LaunchScreen.storyboard */; };
		01BF9C2B1BFF554700B2944A /* Info.plist in Resources */ = {isa = PBXBuildFile; fileRef = 01BF9C1B1BFF554700B2944A /* Info.plist */; };
		01BF9C2C1BFF554700B2944A /* main.m in Sources */ = {isa = PBXBuildFile; fileRef = 01BF9C1C1BFF554700B2944A /* main.m */; };
		01BF9C2D1BFF554700B2944A /* GHLoginAndRegister.storyboard in Resources */ = {isa = PBXBuildFile; fileRef = 01BF9C201BFF554700B2944A /* GHLoginAndRegister.storyboard */; };
		01E691061C0C822900398FAB /* GHPublishRequestParser.m in Sources */ = {isa = PBXBuildFile; fileRef = 01E691051C0C822900398FAB /* GHPublishRequestParser.m */; };
		01E691091C0C824D00398FAB /* GHPublishRequest.m in Sources */ = {isa = PBXBuildFile; fileRef = 01E691081C0C824D00398FAB /* GHPublishRequest.m */; };
		01E6910C1C0C826500398FAB /* GHPublishModel.m in Sources */ = {isa = PBXBuildFile; fileRef = 01E6910B1C0C826500398FAB /* GHPublishModel.m */; };
		01F3D4641C03242000882DDE /* GHLoginAndRegisterViewController.m in Sources */ = {isa = PBXBuildFile; fileRef = 01F3D4631C03242000882DDE /* GHLoginAndRegisterViewController.m */; };
		01F3D4671C03245500882DDE /* GHRegisterViewController.m in Sources */ = {isa = PBXBuildFile; fileRef = 01F3D4661C03245500882DDE /* GHRegisterViewController.m */; };
		01F3D46B1C0346CF00882DDE /* GHRegisterRequest.m in Sources */ = {isa = PBXBuildFile; fileRef = 01F3D46A1C0346CF00882DDE /* GHRegisterRequest.m */; };
		01F3D46E1C03546C00882DDE /* GHRegisterRequestParser.m in Sources */ = {isa = PBXBuildFile; fileRef = 01F3D46D1C03546C00882DDE /* GHRegisterRequestParser.m */; };
		01F67BB41C059B8300F74828 /* GHNickNameViewController.m in Sources */ = {isa = PBXBuildFile; fileRef = 01F67BB31C059B8300F74828 /* GHNickNameViewController.m */; };
		01F67BB71C059D8F00F74828 /* GHHeadImageViewController.m in Sources */ = {isa = PBXBuildFile; fileRef = 01F67BB61C059D8F00F74828 /* GHHeadImageViewController.m */; };
		01F67BBA1C05A15F00F74828 /* GHFollowUsAndHomePageViewController.m in Sources */ = {isa = PBXBuildFile; fileRef = 01F67BB91C05A15F00F74828 /* GHFollowUsAndHomePageViewController.m */; };
		01F67BBD1C05A25E00F74828 /* GHGetImage.m in Sources */ = {isa = PBXBuildFile; fileRef = 01F67BBC1C05A25E00F74828 /* GHGetImage.m */; };
		01F67BC11C05AE9A00F74828 /* GHReNameRequest.m in Sources */ = {isa = PBXBuildFile; fileRef = 01F67BC01C05AE9A00F74828 /* GHReNameRequest.m */; };
		01F67BC41C05E67100F74828 /* GHReImageRequest.m in Sources */ = {isa = PBXBuildFile; fileRef = 01F67BC31C05E67100F74828 /* GHReImageRequest.m */; };
		01F67BC71C05FC4100F74828 /* GHPublishViewController.m in Sources */ = {isa = PBXBuildFile; fileRef = 01F67BC61C05FC4100F74828 /* GHPublishViewController.m */; };
		01FC15571C06F5DF00C3BDCA /* GHPublish.storyboard in Resources */ = {isa = PBXBuildFile; fileRef = 01FC15561C06F5DF00C3BDCA /* GHPublish.storyboard */; };
		01FC15591C072C8800C3BDCA /* GHSquare.storyboard in Resources */ = {isa = PBXBuildFile; fileRef = 01FC15581C072C8800C3BDCA /* GHSquare.storyboard */; };
		01FC155B1C072ECD00C3BDCA /* images.xcassets in Resources */ = {isa = PBXBuildFile; fileRef = 01FC155A1C072ECD00C3BDCA /* images.xcassets */; };
		01FC15601C0732A300C3BDCA /* GHViewDetailViewController.m in Sources */ = {isa = PBXBuildFile; fileRef = 01FC155F1C0732A300C3BDCA /* GHViewDetailViewController.m */; };
		01FC15641C07339D00C3BDCA /* GHSquareCell.m in Sources */ = {isa = PBXBuildFile; fileRef = 01FC15631C07339D00C3BDCA /* GHSquareCell.m */; };
		01FC156A1C07346D00C3BDCA /* GHSquareCollectionCell.m in Sources */ = {isa = PBXBuildFile; fileRef = 01FC15691C07346D00C3BDCA /* GHSquareCollectionCell.m */; };
		01FC156D1C07400100C3BDCA /* GHSquareViewController.m in Sources */ = {isa = PBXBuildFile; fileRef = 01FC156C1C07400100C3BDCA /* GHSquareViewController.m */; };
		01FC15711C07414B00C3BDCA /* GHSquareModel.m in Sources */ = {isa = PBXBuildFile; fileRef = 01FC15701C07414B00C3BDCA /* GHSquareModel.m */; };
		01FC15751C0741CF00C3BDCA /* GHPictureModel.m in Sources */ = {isa = PBXBuildFile; fileRef = 01FC15741C0741CF00C3BDCA /* GHPictureModel.m */; };
		01FC157F1C07431A00C3BDCA /* GHSquareRequestParser.m in Sources */ = {isa = PBXBuildFile; fileRef = 01FC157E1C07431900C3BDCA /* GHSquareRequestParser.m */; };
		01FC15831C074BBD00C3BDCA /* GHSquareRequest.m in Sources */ = {isa = PBXBuildFile; fileRef = 01FC15821C074BBD00C3BDCA /* GHSquareRequest.m */; };
/* End PBXBuildFile section */

/* Begin PBXContainerItemProxy section */
		01BF9BE11BFF53FD00B2944A /* PBXContainerItemProxy */ = {
			isa = PBXContainerItemProxy;
			containerPortal = 01BF9BBF1BFF53FD00B2944A /* Project object */;
			proxyType = 1;
			remoteGlobalIDString = 01BF9BC61BFF53FD00B2944A;
			remoteInfo = GHMoran;
		};
		01BF9BEC1BFF53FD00B2944A /* PBXContainerItemProxy */ = {
			isa = PBXContainerItemProxy;
			containerPortal = 01BF9BBF1BFF53FD00B2944A /* Project object */;
			proxyType = 1;
			remoteGlobalIDString = 01BF9BC61BFF53FD00B2944A;
			remoteInfo = GHMoran;
		};
/* End PBXContainerItemProxy section */

/* Begin PBXFileReference section */
		013EDF581C0A9C26003F6A21 /* KxMenu.h */ = {isa = PBXFileReference; fileEncoding = 4; lastKnownFileType = sourcecode.c.h; path = KxMenu.h; sourceTree = "<group>"; };
		013EDF591C0A9C26003F6A21 /* KxMenu.m */ = {isa = PBXFileReference; fileEncoding = 4; lastKnownFileType = sourcecode.c.objc; path = KxMenu.m; sourceTree = "<group>"; };
		013EDF5C1C0A9C26003F6A21 /* MJRefreshAutoFooter.h */ = {isa = PBXFileReference; fileEncoding = 4; lastKnownFileType = sourcecode.c.h; path = MJRefreshAutoFooter.h; sourceTree = "<group>"; };
		013EDF5D1C0A9C26003F6A21 /* MJRefreshAutoFooter.m */ = {isa = PBXFileReference; fileEncoding = 4; lastKnownFileType = sourcecode.c.objc; path = MJRefreshAutoFooter.m; sourceTree = "<group>"; };
		013EDF5E1C0A9C26003F6A21 /* MJRefreshBackFooter.h */ = {isa = PBXFileReference; fileEncoding = 4; lastKnownFileType = sourcecode.c.h; path = MJRefreshBackFooter.h; sourceTree = "<group>"; };
		013EDF5F1C0A9C26003F6A21 /* MJRefreshBackFooter.m */ = {isa = PBXFileReference; fileEncoding = 4; lastKnownFileType = sourcecode.c.objc; path = MJRefreshBackFooter.m; sourceTree = "<group>"; };
		013EDF601C0A9C26003F6A21 /* MJRefreshComponent.h */ = {isa = PBXFileReference; fileEncoding = 4; lastKnownFileType = sourcecode.c.h; path = MJRefreshComponent.h; sourceTree = "<group>"; };
		013EDF611C0A9C26003F6A21 /* MJRefreshComponent.m */ = {isa = PBXFileReference; fileEncoding = 4; lastKnownFileType = sourcecode.c.objc; path = MJRefreshComponent.m; sourceTree = "<group>"; };
		013EDF621C0A9C26003F6A21 /* MJRefreshFooter.h */ = {isa = PBXFileReference; fileEncoding = 4; lastKnownFileType = sourcecode.c.h; path = MJRefreshFooter.h; sourceTree = "<group>"; };
		013EDF631C0A9C26003F6A21 /* MJRefreshFooter.m */ = {isa = PBXFileReference; fileEncoding = 4; lastKnownFileType = sourcecode.c.objc; path = MJRefreshFooter.m; sourceTree = "<group>"; };
		013EDF641C0A9C26003F6A21 /* MJRefreshHeader.h */ = {isa = PBXFileReference; fileEncoding = 4; lastKnownFileType = sourcecode.c.h; path = MJRefreshHeader.h; sourceTree = "<group>"; };
		013EDF651C0A9C26003F6A21 /* MJRefreshHeader.m */ = {isa = PBXFileReference; fileEncoding = 4; lastKnownFileType = sourcecode.c.objc; path = MJRefreshHeader.m; sourceTree = "<group>"; };
		013EDF691C0A9C26003F6A21 /* MJRefreshAutoGifFooter.h */ = {isa = PBXFileReference; fileEncoding = 4; lastKnownFileType = sourcecode.c.h; path = MJRefreshAutoGifFooter.h; sourceTree = "<group>"; };
		013EDF6A1C0A9C26003F6A21 /* MJRefreshAutoGifFooter.m */ = {isa = PBXFileReference; fileEncoding = 4; lastKnownFileType = sourcecode.c.objc; path = MJRefreshAutoGifFooter.m; sourceTree = "<group>"; };
		013EDF6B1C0A9C26003F6A21 /* MJRefreshAutoNormalFooter.h */ = {isa = PBXFileReference; fileEncoding = 4; lastKnownFileType = sourcecode.c.h; path = MJRefreshAutoNormalFooter.h; sourceTree = "<group>"; };
		013EDF6C1C0A9C26003F6A21 /* MJRefreshAutoNormalFooter.m */ = {isa = PBXFileReference; fileEncoding = 4; lastKnownFileType = sourcecode.c.objc; path = MJRefreshAutoNormalFooter.m; sourceTree = "<group>"; };
		013EDF6D1C0A9C26003F6A21 /* MJRefreshAutoStateFooter.h */ = {isa = PBXFileReference; fileEncoding = 4; lastKnownFileType = sourcecode.c.h; path = MJRefreshAutoStateFooter.h; sourceTree = "<group>"; };
		013EDF6E1C0A9C26003F6A21 /* MJRefreshAutoStateFooter.m */ = {isa = PBXFileReference; fileEncoding = 4; lastKnownFileType = sourcecode.c.objc; path = MJRefreshAutoStateFooter.m; sourceTree = "<group>"; };
		013EDF701C0A9C26003F6A21 /* MJRefreshBackGifFooter.h */ = {isa = PBXFileReference; fileEncoding = 4; lastKnownFileType = sourcecode.c.h; path = MJRefreshBackGifFooter.h; sourceTree = "<group>"; };
		013EDF711C0A9C26003F6A21 /* MJRefreshBackGifFooter.m */ = {isa = PBXFileReference; fileEncoding = 4; lastKnownFileType = sourcecode.c.objc; path = MJRefreshBackGifFooter.m; sourceTree = "<group>"; };
		013EDF721C0A9C26003F6A21 /* MJRefreshBackNormalFooter.h */ = {isa = PBXFileReference; fileEncoding = 4; lastKnownFileType = sourcecode.c.h; path = MJRefreshBackNormalFooter.h; sourceTree = "<group>"; };
		013EDF731C0A9C26003F6A21 /* MJRefreshBackNormalFooter.m */ = {isa = PBXFileReference; fileEncoding = 4; lastKnownFileType = sourcecode.c.objc; path = MJRefreshBackNormalFooter.m; sourceTree = "<group>"; };
		013EDF741C0A9C26003F6A21 /* MJRefreshBackStateFooter.h */ = {isa = PBXFileReference; fileEncoding = 4; lastKnownFileType = sourcecode.c.h; path = MJRefreshBackStateFooter.h; sourceTree = "<group>"; };
		013EDF751C0A9C26003F6A21 /* MJRefreshBackStateFooter.m */ = {isa = PBXFileReference; fileEncoding = 4; lastKnownFileType = sourcecode.c.objc; path = MJRefreshBackStateFooter.m; sourceTree = "<group>"; };
		013EDF771C0A9C26003F6A21 /* MJRefreshGifHeader.h */ = {isa = PBXFileReference; fileEncoding = 4; lastKnownFileType = sourcecode.c.h; path = MJRefreshGifHeader.h; sourceTree = "<group>"; };
		013EDF781C0A9C26003F6A21 /* MJRefreshGifHeader.m */ = {isa = PBXFileReference; fileEncoding = 4; lastKnownFileType = sourcecode.c.objc; path = MJRefreshGifHeader.m; sourceTree = "<group>"; };
		013EDF791C0A9C26003F6A21 /* MJRefreshNormalHeader.h */ = {isa = PBXFileReference; fileEncoding = 4; lastKnownFileType = sourcecode.c.h; path = MJRefreshNormalHeader.h; sourceTree = "<group>"; };
		013EDF7A1C0A9C26003F6A21 /* MJRefreshNormalHeader.m */ = {isa = PBXFileReference; fileEncoding = 4; lastKnownFileType = sourcecode.c.objc; path = MJRefreshNormalHeader.m; sourceTree = "<group>"; };
		013EDF7B1C0A9C26003F6A21 /* MJRefreshStateHeader.h */ = {isa = PBXFileReference; fileEncoding = 4; lastKnownFileType = sourcecode.c.h; path = MJRefreshStateHeader.h; sourceTree = "<group>"; };
		013EDF7C1C0A9C26003F6A21 /* MJRefreshStateHeader.m */ = {isa = PBXFileReference; fileEncoding = 4; lastKnownFileType = sourcecode.c.objc; path = MJRefreshStateHeader.m; sourceTree = "<group>"; };
		013EDF7D1C0A9C26003F6A21 /* MJRefresh.bundle */ = {isa = PBXFileReference; lastKnownFileType = "wrapper.plug-in"; path = MJRefresh.bundle; sourceTree = "<group>"; };
		013EDF7E1C0A9C26003F6A21 /* MJRefresh.h */ = {isa = PBXFileReference; fileEncoding = 4; lastKnownFileType = sourcecode.c.h; path = MJRefresh.h; sourceTree = "<group>"; };
		013EDF7F1C0A9C26003F6A21 /* MJRefreshConst.h */ = {isa = PBXFileReference; fileEncoding = 4; lastKnownFileType = sourcecode.c.h; path = MJRefreshConst.h; sourceTree = "<group>"; };
		013EDF801C0A9C26003F6A21 /* MJRefreshConst.m */ = {isa = PBXFileReference; fileEncoding = 4; lastKnownFileType = sourcecode.c.objc; path = MJRefreshConst.m; sourceTree = "<group>"; };
		013EDF811C0A9C26003F6A21 /* UIScrollView+MJExtension.h */ = {isa = PBXFileReference; fileEncoding = 4; lastKnownFileType = sourcecode.c.h; path = "UIScrollView+MJExtension.h"; sourceTree = "<group>"; };
		013EDF821C0A9C26003F6A21 /* UIScrollView+MJExtension.m */ = {isa = PBXFileReference; fileEncoding = 4; lastKnownFileType = sourcecode.c.objc; path = "UIScrollView+MJExtension.m"; sourceTree = "<group>"; };
		013EDF831C0A9C26003F6A21 /* UIScrollView+MJRefresh.h */ = {isa = PBXFileReference; fileEncoding = 4; lastKnownFileType = sourcecode.c.h; path = "UIScrollView+MJRefresh.h"; sourceTree = "<group>"; };
		013EDF841C0A9C26003F6A21 /* UIScrollView+MJRefresh.m */ = {isa = PBXFileReference; fileEncoding = 4; lastKnownFileType = sourcecode.c.objc; path = "UIScrollView+MJRefresh.m"; sourceTree = "<group>"; };
		013EDF851C0A9C26003F6A21 /* UIView+MJExtension.h */ = {isa = PBXFileReference; fileEncoding = 4; lastKnownFileType = sourcecode.c.h; path = "UIView+MJExtension.h"; sourceTree = "<group>"; };
		013EDF861C0A9C26003F6A21 /* UIView+MJExtension.m */ = {isa = PBXFileReference; fileEncoding = 4; lastKnownFileType = sourcecode.c.objc; path = "UIView+MJExtension.m"; sourceTree = "<group>"; };
		013EDF881C0A9C26003F6A21 /* MKAnnotationView+WebCache.h */ = {isa = PBXFileReference; fileEncoding = 4; lastKnownFileType = sourcecode.c.h; path = "MKAnnotationView+WebCache.h"; sourceTree = "<group>"; };
		013EDF891C0A9C26003F6A21 /* MKAnnotationView+WebCache.m */ = {isa = PBXFileReference; fileEncoding = 4; lastKnownFileType = sourcecode.c.objc; path = "MKAnnotationView+WebCache.m"; sourceTree = "<group>"; };
		013EDF8A1C0A9C26003F6A21 /* NSData+ImageContentType.h */ = {isa = PBXFileReference; fileEncoding = 4; lastKnownFileType = sourcecode.c.h; path = "NSData+ImageContentType.h"; sourceTree = "<group>"; };
		013EDF8B1C0A9C26003F6A21 /* NSData+ImageContentType.m */ = {isa = PBXFileReference; fileEncoding = 4; lastKnownFileType = sourcecode.c.objc; path = "NSData+ImageContentType.m"; sourceTree = "<group>"; };
		013EDF8C1C0A9C26003F6A21 /* SDImageCache.h */ = {isa = PBXFileReference; fileEncoding = 4; lastKnownFileType = sourcecode.c.h; path = SDImageCache.h; sourceTree = "<group>"; };
		013EDF8D1C0A9C26003F6A21 /* SDImageCache.m */ = {isa = PBXFileReference; fileEncoding = 4; lastKnownFileType = sourcecode.c.objc; path = SDImageCache.m; sourceTree = "<group>"; };
		013EDF8E1C0A9C26003F6A21 /* SDWebImageCompat.h */ = {isa = PBXFileReference; fileEncoding = 4; lastKnownFileType = sourcecode.c.h; path = SDWebImageCompat.h; sourceTree = "<group>"; };
		013EDF8F1C0A9C26003F6A21 /* SDWebImageCompat.m */ = {isa = PBXFileReference; fileEncoding = 4; lastKnownFileType = sourcecode.c.objc; path = SDWebImageCompat.m; sourceTree = "<group>"; };
		013EDF901C0A9C26003F6A21 /* SDWebImageDecoder.h */ = {isa = PBXFileReference; fileEncoding = 4; lastKnownFileType = sourcecode.c.h; path = SDWebImageDecoder.h; sourceTree = "<group>"; };
		013EDF911C0A9C26003F6A21 /* SDWebImageDecoder.m */ = {isa = PBXFileReference; fileEncoding = 4; lastKnownFileType = sourcecode.c.objc; path = SDWebImageDecoder.m; sourceTree = "<group>"; };
		013EDF921C0A9C26003F6A21 /* SDWebImageDownloader.h */ = {isa = PBXFileReference; fileEncoding = 4; lastKnownFileType = sourcecode.c.h; path = SDWebImageDownloader.h; sourceTree = "<group>"; };
		013EDF931C0A9C26003F6A21 /* SDWebImageDownloader.m */ = {isa = PBXFileReference; fileEncoding = 4; lastKnownFileType = sourcecode.c.objc; path = SDWebImageDownloader.m; sourceTree = "<group>"; };
		013EDF941C0A9C26003F6A21 /* SDWebImageDownloaderOperation.h */ = {isa = PBXFileReference; fileEncoding = 4; lastKnownFileType = sourcecode.c.h; path = SDWebImageDownloaderOperation.h; sourceTree = "<group>"; };
		013EDF951C0A9C26003F6A21 /* SDWebImageDownloaderOperation.m */ = {isa = PBXFileReference; fileEncoding = 4; lastKnownFileType = sourcecode.c.objc; path = SDWebImageDownloaderOperation.m; sourceTree = "<group>"; };
		013EDF961C0A9C26003F6A21 /* SDWebImageManager.h */ = {isa = PBXFileReference; fileEncoding = 4; lastKnownFileType = sourcecode.c.h; path = SDWebImageManager.h; sourceTree = "<group>"; };
		013EDF971C0A9C26003F6A21 /* SDWebImageManager.m */ = {isa = PBXFileReference; fileEncoding = 4; lastKnownFileType = sourcecode.c.objc; path = SDWebImageManager.m; sourceTree = "<group>"; };
		013EDF981C0A9C26003F6A21 /* SDWebImageOperation.h */ = {isa = PBXFileReference; fileEncoding = 4; lastKnownFileType = sourcecode.c.h; path = SDWebImageOperation.h; sourceTree = "<group>"; };
		013EDF991C0A9C26003F6A21 /* SDWebImagePrefetcher.h */ = {isa = PBXFileReference; fileEncoding = 4; lastKnownFileType = sourcecode.c.h; path = SDWebImagePrefetcher.h; sourceTree = "<group>"; };
		013EDF9A1C0A9C26003F6A21 /* SDWebImagePrefetcher.m */ = {isa = PBXFileReference; fileEncoding = 4; lastKnownFileType = sourcecode.c.objc; path = SDWebImagePrefetcher.m; sourceTree = "<group>"; };
		013EDF9B1C0A9C26003F6A21 /* UIButton+WebCache.h */ = {isa = PBXFileReference; fileEncoding = 4; lastKnownFileType = sourcecode.c.h; path = "UIButton+WebCache.h"; sourceTree = "<group>"; };
		013EDF9C1C0A9C26003F6A21 /* UIButton+WebCache.m */ = {isa = PBXFileReference; fileEncoding = 4; lastKnownFileType = sourcecode.c.objc; path = "UIButton+WebCache.m"; sourceTree = "<group>"; };
		013EDF9D1C0A9C26003F6A21 /* UIImage+GIF.h */ = {isa = PBXFileReference; fileEncoding = 4; lastKnownFileType = sourcecode.c.h; path = "UIImage+GIF.h"; sourceTree = "<group>"; };
		013EDF9E1C0A9C26003F6A21 /* UIImage+GIF.m */ = {isa = PBXFileReference; fileEncoding = 4; lastKnownFileType = sourcecode.c.objc; path = "UIImage+GIF.m"; sourceTree = "<group>"; };
		013EDF9F1C0A9C26003F6A21 /* UIImage+MultiFormat.h */ = {isa = PBXFileReference; fileEncoding = 4; lastKnownFileType = sourcecode.c.h; path = "UIImage+MultiFormat.h"; sourceTree = "<group>"; };
		013EDFA01C0A9C26003F6A21 /* UIImage+MultiFormat.m */ = {isa = PBXFileReference; fileEncoding = 4; lastKnownFileType = sourcecode.c.objc; path = "UIImage+MultiFormat.m"; sourceTree = "<group>"; };
		013EDFA11C0A9C26003F6A21 /* UIImage+WebP.h */ = {isa = PBXFileReference; fileEncoding = 4; lastKnownFileType = sourcecode.c.h; path = "UIImage+WebP.h"; sourceTree = "<group>"; };
		013EDFA21C0A9C26003F6A21 /* UIImage+WebP.m */ = {isa = PBXFileReference; fileEncoding = 4; lastKnownFileType = sourcecode.c.objc; path = "UIImage+WebP.m"; sourceTree = "<group>"; };
		013EDFA31C0A9C26003F6A21 /* UIImageView+HighlightedWebCache.h */ = {isa = PBXFileReference; fileEncoding = 4; lastKnownFileType = sourcecode.c.h; path = "UIImageView+HighlightedWebCache.h"; sourceTree = "<group>"; };
		013EDFA41C0A9C26003F6A21 /* UIImageView+HighlightedWebCache.m */ = {isa = PBXFileReference; fileEncoding = 4; lastKnownFileType = sourcecode.c.objc; path = "UIImageView+HighlightedWebCache.m"; sourceTree = "<group>"; };
		013EDFA51C0A9C26003F6A21 /* UIImageView+WebCache.h */ = {isa = PBXFileReference; fileEncoding = 4; lastKnownFileType = sourcecode.c.h; path = "UIImageView+WebCache.h"; sourceTree = "<group>"; };
		013EDFA61C0A9C26003F6A21 /* UIImageView+WebCache.m */ = {isa = PBXFileReference; fileEncoding = 4; lastKnownFileType = sourcecode.c.objc; path = "UIImageView+WebCache.m"; sourceTree = "<group>"; };
		013EDFA71C0A9C26003F6A21 /* UIView+WebCacheOperation.h */ = {isa = PBXFileReference; fileEncoding = 4; lastKnownFileType = sourcecode.c.h; path = "UIView+WebCacheOperation.h"; sourceTree = "<group>"; };
		013EDFA81C0A9C26003F6A21 /* UIView+WebCacheOperation.m */ = {isa = PBXFileReference; fileEncoding = 4; lastKnownFileType = sourcecode.c.objc; path = "UIView+WebCacheOperation.m"; sourceTree = "<group>"; };
		013EDFD01C0BEEF2003F6A21 /* GHPublishCell.h */ = {isa = PBXFileReference; fileEncoding = 4; lastKnownFileType = sourcecode.c.h; path = GHPublishCell.h; sourceTree = "<group>"; };
		013EDFD11C0BEEF2003F6A21 /* GHPublishCell.m */ = {isa = PBXFileReference; fileEncoding = 4; lastKnownFileType = sourcecode.c.objc; path = GHPublishCell.m; sourceTree = "<group>"; };
		013EDFD21C0BEEF2003F6A21 /* GHPublishCell.xib */ = {isa = PBXFileReference; fileEncoding = 4; lastKnownFileType = file.xib; path = GHPublishCell.xib; sourceTree = "<group>"; };
		01456CB01C04851700063C87 /* GHMy.storyboard */ = {isa = PBXFileReference; fileEncoding = 4; lastKnownFileType = file.storyboard; path = GHMy.storyboard; sourceTree = "<group>"; };
		01456CB31C0486BE00063C87 /* GHMyViewController.h */ = {isa = PBXFileReference; fileEncoding = 4; lastKnownFileType = sourcecode.c.h; path = GHMyViewController.h; sourceTree = "<group>"; };
		01456CB41C0486BE00063C87 /* GHMyViewController.m */ = {isa = PBXFileReference; fileEncoding = 4; lastKnownFileType = sourcecode.c.objc; path = GHMyViewController.m; sourceTree = "<group>"; };
		018826891C08274D00C9422E /* ImageIO.framework */ = {isa = PBXFileReference; lastKnownFileType = wrapper.framework; name = ImageIO.framework; path = System/Library/Frameworks/ImageIO.framework; sourceTree = SDKROOT; };
		01BF9BC71BFF53FD00B2944A /* GHMoran.app */ = {isa = PBXFileReference; explicitFileType = wrapper.application; includeInIndex = 0; path = GHMoran.app; sourceTree = BUILT_PRODUCTS_DIR; };
		01BF9BE01BFF53FD00B2944A /* GHMoranTests.xctest */ = {isa = PBXFileReference; explicitFileType = wrapper.cfbundle; includeInIndex = 0; path = GHMoranTests.xctest; sourceTree = BUILT_PRODUCTS_DIR; };
		01BF9BE41BFF53FD00B2944A /* GHMoranTests.m */ = {isa = PBXFileReference; lastKnownFileType = sourcecode.c.objc; path = GHMoranTests.m; sourceTree = "<group>"; };
		01BF9BE61BFF53FD00B2944A /* Info.plist */ = {isa = PBXFileReference; lastKnownFileType = text.plist.xml; path = Info.plist; sourceTree = "<group>"; };
		01BF9BEB1BFF53FD00B2944A /* GHMoranUITests.xctest */ = {isa = PBXFileReference; explicitFileType = wrapper.cfbundle; includeInIndex = 0; path = GHMoranUITests.xctest; sourceTree = BUILT_PRODUCTS_DIR; };
		01BF9BEF1BFF53FD00B2944A /* GHMoranUITests.m */ = {isa = PBXFileReference; lastKnownFileType = sourcecode.c.objc; path = GHMoranUITests.m; sourceTree = "<group>"; };
		01BF9BF11BFF53FD00B2944A /* Info.plist */ = {isa = PBXFileReference; lastKnownFileType = text.plist.xml; path = Info.plist; sourceTree = "<group>"; };
		01BF9BFE1BFF554700B2944A /* AppDelegate.h */ = {isa = PBXFileReference; fileEncoding = 4; lastKnownFileType = sourcecode.c.h; path = AppDelegate.h; sourceTree = "<group>"; };
		01BF9BFF1BFF554700B2944A /* AppDelegate.m */ = {isa = PBXFileReference; fileEncoding = 4; lastKnownFileType = sourcecode.c.objc; path = AppDelegate.m; sourceTree = "<group>"; };
		01BF9C071BFF554700B2944A /* GHGlobal.h */ = {isa = PBXFileReference; fileEncoding = 4; lastKnownFileType = sourcecode.c.h; path = GHGlobal.h; sourceTree = "<group>"; };
		01BF9C081BFF554700B2944A /* GHGlobal.m */ = {isa = PBXFileReference; fileEncoding = 4; lastKnownFileType = sourcecode.c.objc; path = GHGlobal.m; sourceTree = "<group>"; };
		01BF9C0B1BFF554700B2944A /* GHUserModel.h */ = {isa = PBXFileReference; fileEncoding = 4; lastKnownFileType = sourcecode.c.h; path = GHUserModel.h; sourceTree = "<group>"; };
		01BF9C0C1BFF554700B2944A /* GHUserModel.m */ = {isa = PBXFileReference; fileEncoding = 4; lastKnownFileType = sourcecode.c.objc; path = GHUserModel.m; sourceTree = "<group>"; };
		01BF9C0F1BFF554700B2944A /* GHLoginRequestParser.h */ = {isa = PBXFileReference; fileEncoding = 4; lastKnownFileType = sourcecode.c.h; path = GHLoginRequestParser.h; sourceTree = "<group>"; };
		01BF9C101BFF554700B2944A /* GHLoginRequestParser.m */ = {isa = PBXFileReference; fileEncoding = 4; lastKnownFileType = sourcecode.c.objc; path = GHLoginRequestParser.m; sourceTree = "<group>"; };
		01BF9C121BFF554700B2944A /* GHLoginRequest.h */ = {isa = PBXFileReference; fileEncoding = 4; lastKnownFileType = sourcecode.c.h; path = GHLoginRequest.h; sourceTree = "<group>"; };
		01BF9C131BFF554700B2944A /* GHLoginRequest.m */ = {isa = PBXFileReference; fileEncoding = 4; lastKnownFileType = sourcecode.c.objc; path = GHLoginRequest.m; sourceTree = "<group>"; };
		01BF9C151BFF554700B2944A /* BLMultipartForm.h */ = {isa = PBXFileReference; fileEncoding = 4; lastKnownFileType = sourcecode.c.h; path = BLMultipartForm.h; sourceTree = "<group>"; };
		01BF9C161BFF554700B2944A /* BLMultipartForm.m */ = {isa = PBXFileReference; fileEncoding = 4; lastKnownFileType = sourcecode.c.objc; path = BLMultipartForm.m; sourceTree = "<group>"; };
		01BF9C191BFF554700B2944A /* LaunchScreen.storyboard */ = {isa = PBXFileReference; fileEncoding = 4; lastKnownFileType = file.storyboard; path = LaunchScreen.storyboard; sourceTree = "<group>"; };
		01BF9C1B1BFF554700B2944A /* Info.plist */ = {isa = PBXFileReference; fileEncoding = 4; lastKnownFileType = text.plist.xml; path = Info.plist; sourceTree = "<group>"; };
		01BF9C1C1BFF554700B2944A /* main.m */ = {isa = PBXFileReference; fileEncoding = 4; lastKnownFileType = sourcecode.c.objc; path = main.m; sourceTree = "<group>"; };
		01BF9C201BFF554700B2944A /* GHLoginAndRegister.storyboard */ = {isa = PBXFileReference; fileEncoding = 4; lastKnownFileType = file.storyboard; path = GHLoginAndRegister.storyboard; sourceTree = "<group>"; };
		01E691041C0C822900398FAB /* GHPublishRequestParser.h */ = {isa = PBXFileReference; fileEncoding = 4; lastKnownFileType = sourcecode.c.h; path = GHPublishRequestParser.h; sourceTree = "<group>"; };
		01E691051C0C822900398FAB /* GHPublishRequestParser.m */ = {isa = PBXFileReference; fileEncoding = 4; lastKnownFileType = sourcecode.c.objc; path = GHPublishRequestParser.m; sourceTree = "<group>"; };
		01E691071C0C824D00398FAB /* GHPublishRequest.h */ = {isa = PBXFileReference; fileEncoding = 4; lastKnownFileType = sourcecode.c.h; path = GHPublishRequest.h; sourceTree = "<group>"; };
		01E691081C0C824D00398FAB /* GHPublishRequest.m */ = {isa = PBXFileReference; fileEncoding = 4; lastKnownFileType = sourcecode.c.objc; path = GHPublishRequest.m; sourceTree = "<group>"; };
		01E6910A1C0C826500398FAB /* GHPublishModel.h */ = {isa = PBXFileReference; fileEncoding = 4; lastKnownFileType = sourcecode.c.h; path = GHPublishModel.h; sourceTree = "<group>"; };
		01E6910B1C0C826500398FAB /* GHPublishModel.m */ = {isa = PBXFileReference; fileEncoding = 4; lastKnownFileType = sourcecode.c.objc; path = GHPublishModel.m; sourceTree = "<group>"; };
		01F3D4621C03242000882DDE /* GHLoginAndRegisterViewController.h */ = {isa = PBXFileReference; fileEncoding = 4; lastKnownFileType = sourcecode.c.h; path = GHLoginAndRegisterViewController.h; sourceTree = "<group>"; };
		01F3D4631C03242000882DDE /* GHLoginAndRegisterViewController.m */ = {isa = PBXFileReference; fileEncoding = 4; lastKnownFileType = sourcecode.c.objc; path = GHLoginAndRegisterViewController.m; sourceTree = "<group>"; };
		01F3D4651C03245500882DDE /* GHRegisterViewController.h */ = {isa = PBXFileReference; fileEncoding = 4; lastKnownFileType = sourcecode.c.h; path = GHRegisterViewController.h; sourceTree = "<group>"; };
		01F3D4661C03245500882DDE /* GHRegisterViewController.m */ = {isa = PBXFileReference; fileEncoding = 4; lastKnownFileType = sourcecode.c.objc; path = GHRegisterViewController.m; sourceTree = "<group>"; };
		01F3D4691C0346CF00882DDE /* GHRegisterRequest.h */ = {isa = PBXFileReference; fileEncoding = 4; lastKnownFileType = sourcecode.c.h; path = GHRegisterRequest.h; sourceTree = "<group>"; };
		01F3D46A1C0346CF00882DDE /* GHRegisterRequest.m */ = {isa = PBXFileReference; fileEncoding = 4; lastKnownFileType = sourcecode.c.objc; path = GHRegisterRequest.m; sourceTree = "<group>"; };
		01F3D46C1C03546C00882DDE /* GHRegisterRequestParser.h */ = {isa = PBXFileReference; fileEncoding = 4; lastKnownFileType = sourcecode.c.h; path = GHRegisterRequestParser.h; sourceTree = "<group>"; };
		01F3D46D1C03546C00882DDE /* GHRegisterRequestParser.m */ = {isa = PBXFileReference; fileEncoding = 4; lastKnownFileType = sourcecode.c.objc; path = GHRegisterRequestParser.m; sourceTree = "<group>"; };
		01F67BB21C059B8300F74828 /* GHNickNameViewController.h */ = {isa = PBXFileReference; fileEncoding = 4; lastKnownFileType = sourcecode.c.h; path = GHNickNameViewController.h; sourceTree = "<group>"; };
		01F67BB31C059B8300F74828 /* GHNickNameViewController.m */ = {isa = PBXFileReference; fileEncoding = 4; lastKnownFileType = sourcecode.c.objc; path = GHNickNameViewController.m; sourceTree = "<group>"; };
		01F67BB51C059D8F00F74828 /* GHHeadImageViewController.h */ = {isa = PBXFileReference; fileEncoding = 4; lastKnownFileType = sourcecode.c.h; path = GHHeadImageViewController.h; sourceTree = "<group>"; };
		01F67BB61C059D8F00F74828 /* GHHeadImageViewController.m */ = {isa = PBXFileReference; fileEncoding = 4; lastKnownFileType = sourcecode.c.objc; path = GHHeadImageViewController.m; sourceTree = "<group>"; };
		01F67BB81C05A15F00F74828 /* GHFollowUsAndHomePageViewController.h */ = {isa = PBXFileReference; fileEncoding = 4; lastKnownFileType = sourcecode.c.h; path = GHFollowUsAndHomePageViewController.h; sourceTree = "<group>"; };
		01F67BB91C05A15F00F74828 /* GHFollowUsAndHomePageViewController.m */ = {isa = PBXFileReference; fileEncoding = 4; lastKnownFileType = sourcecode.c.objc; path = GHFollowUsAndHomePageViewController.m; sourceTree = "<group>"; };
		01F67BBB1C05A25E00F74828 /* GHGetImage.h */ = {isa = PBXFileReference; fileEncoding = 4; lastKnownFileType = sourcecode.c.h; path = GHGetImage.h; sourceTree = "<group>"; };
		01F67BBC1C05A25E00F74828 /* GHGetImage.m */ = {isa = PBXFileReference; fileEncoding = 4; lastKnownFileType = sourcecode.c.objc; path = GHGetImage.m; sourceTree = "<group>"; };
		01F67BBF1C05AE9A00F74828 /* GHReNameRequest.h */ = {isa = PBXFileReference; fileEncoding = 4; lastKnownFileType = sourcecode.c.h; path = GHReNameRequest.h; sourceTree = "<group>"; };
		01F67BC01C05AE9A00F74828 /* GHReNameRequest.m */ = {isa = PBXFileReference; fileEncoding = 4; lastKnownFileType = sourcecode.c.objc; path = GHReNameRequest.m; sourceTree = "<group>"; };
		01F67BC21C05E67100F74828 /* GHReImageRequest.h */ = {isa = PBXFileReference; fileEncoding = 4; lastKnownFileType = sourcecode.c.h; path = GHReImageRequest.h; sourceTree = "<group>"; };
		01F67BC31C05E67100F74828 /* GHReImageRequest.m */ = {isa = PBXFileReference; fileEncoding = 4; lastKnownFileType = sourcecode.c.objc; path = GHReImageRequest.m; sourceTree = "<group>"; };
		01F67BC51C05FC4100F74828 /* GHPublishViewController.h */ = {isa = PBXFileReference; fileEncoding = 4; lastKnownFileType = sourcecode.c.h; path = GHPublishViewController.h; sourceTree = "<group>"; };
		01F67BC61C05FC4100F74828 /* GHPublishViewController.m */ = {isa = PBXFileReference; fileEncoding = 4; lastKnownFileType = sourcecode.c.objc; path = GHPublishViewController.m; sourceTree = "<group>"; };
		01FC15561C06F5DF00C3BDCA /* GHPublish.storyboard */ = {isa = PBXFileReference; fileEncoding = 4; lastKnownFileType = file.storyboard; path = GHPublish.storyboard; sourceTree = "<group>"; };
		01FC15581C072C8800C3BDCA /* GHSquare.storyboard */ = {isa = PBXFileReference; fileEncoding = 4; lastKnownFileType = file.storyboard; path = GHSquare.storyboard; sourceTree = "<group>"; };
		01FC155A1C072ECD00C3BDCA /* images.xcassets */ = {isa = PBXFileReference; lastKnownFileType = folder.assetcatalog; path = images.xcassets; sourceTree = "<group>"; };
		01FC155E1C0732A300C3BDCA /* GHViewDetailViewController.h */ = {isa = PBXFileReference; fileEncoding = 4; lastKnownFileType = sourcecode.c.h; path = GHViewDetailViewController.h; sourceTree = "<group>"; };
		01FC155F1C0732A300C3BDCA /* GHViewDetailViewController.m */ = {isa = PBXFileReference; fileEncoding = 4; lastKnownFileType = sourcecode.c.objc; path = GHViewDetailViewController.m; sourceTree = "<group>"; };
		01FC15621C07339D00C3BDCA /* GHSquareCell.h */ = {isa = PBXFileReference; fileEncoding = 4; lastKnownFileType = sourcecode.c.h; path = GHSquareCell.h; sourceTree = "<group>"; };
		01FC15631C07339D00C3BDCA /* GHSquareCell.m */ = {isa = PBXFileReference; fileEncoding = 4; lastKnownFileType = sourcecode.c.objc; path = GHSquareCell.m; sourceTree = "<group>"; };
		01FC15681C07346D00C3BDCA /* GHSquareCollectionCell.h */ = {isa = PBXFileReference; fileEncoding = 4; lastKnownFileType = sourcecode.c.h; path = GHSquareCollectionCell.h; sourceTree = "<group>"; };
		01FC15691C07346D00C3BDCA /* GHSquareCollectionCell.m */ = {isa = PBXFileReference; fileEncoding = 4; lastKnownFileType = sourcecode.c.objc; path = GHSquareCollectionCell.m; sourceTree = "<group>"; };
		01FC156B1C07400100C3BDCA /* GHSquareViewController.h */ = {isa = PBXFileReference; fileEncoding = 4; lastKnownFileType = sourcecode.c.h; path = GHSquareViewController.h; sourceTree = "<group>"; };
		01FC156C1C07400100C3BDCA /* GHSquareViewController.m */ = {isa = PBXFileReference; fileEncoding = 4; lastKnownFileType = sourcecode.c.objc; path = GHSquareViewController.m; sourceTree = "<group>"; };
		01FC156F1C07414B00C3BDCA /* GHSquareModel.h */ = {isa = PBXFileReference; fileEncoding = 4; lastKnownFileType = sourcecode.c.h; path = GHSquareModel.h; sourceTree = "<group>"; };
		01FC15701C07414B00C3BDCA /* GHSquareModel.m */ = {isa = PBXFileReference; fileEncoding = 4; lastKnownFileType = sourcecode.c.objc; path = GHSquareModel.m; sourceTree = "<group>"; };
		01FC15731C0741CF00C3BDCA /* GHPictureModel.h */ = {isa = PBXFileReference; fileEncoding = 4; lastKnownFileType = sourcecode.c.h; path = GHPictureModel.h; sourceTree = "<group>"; };
		01FC15741C0741CF00C3BDCA /* GHPictureModel.m */ = {isa = PBXFileReference; fileEncoding = 4; lastKnownFileType = sourcecode.c.objc; path = GHPictureModel.m; sourceTree = "<group>"; };
		01FC157D1C07431900C3BDCA /* GHSquareRequestParser.h */ = {isa = PBXFileReference; fileEncoding = 4; lastKnownFileType = sourcecode.c.h; path = GHSquareRequestParser.h; sourceTree = "<group>"; };
		01FC157E1C07431900C3BDCA /* GHSquareRequestParser.m */ = {isa = PBXFileReference; fileEncoding = 4; lastKnownFileType = sourcecode.c.objc; path = GHSquareRequestParser.m; sourceTree = "<group>"; };
		01FC15811C074BBD00C3BDCA /* GHSquareRequest.h */ = {isa = PBXFileReference; fileEncoding = 4; lastKnownFileType = sourcecode.c.h; path = GHSquareRequest.h; sourceTree = "<group>"; };
		01FC15821C074BBD00C3BDCA /* GHSquareRequest.m */ = {isa = PBXFileReference; fileEncoding = 4; lastKnownFileType = sourcecode.c.objc; path = GHSquareRequest.m; sourceTree = "<group>"; };
/* End PBXFileReference section */

/* Begin PBXFrameworksBuildPhase section */
		01BF9BC41BFF53FD00B2944A /* Frameworks */ = {
			isa = PBXFrameworksBuildPhase;
			buildActionMask = 2147483647;
			files = (
				0188268A1C08274D00C9422E /* ImageIO.framework in Frameworks */,
			);
			runOnlyForDeploymentPostprocessing = 0;
		};
		01BF9BDD1BFF53FD00B2944A /* Frameworks */ = {
			isa = PBXFrameworksBuildPhase;
			buildActionMask = 2147483647;
			files = (
			);
			runOnlyForDeploymentPostprocessing = 0;
		};
		01BF9BE81BFF53FD00B2944A /* Frameworks */ = {
			isa = PBXFrameworksBuildPhase;
			buildActionMask = 2147483647;
			files = (
			);
			runOnlyForDeploymentPostprocessing = 0;
		};
/* End PBXFrameworksBuildPhase section */

/* Begin PBXGroup section */
		013EDF561C0A9C26003F6A21 /* ThirdParty */ = {
			isa = PBXGroup;
			children = (
				013EDF571C0A9C26003F6A21 /* KxMenu */,
				013EDF5A1C0A9C26003F6A21 /* MJRefresh */,
				013EDF871C0A9C26003F6A21 /* SDWebImage */,
			);
			path = ThirdParty;
			sourceTree = "<group>";
		};
		013EDF571C0A9C26003F6A21 /* KxMenu */ = {
			isa = PBXGroup;
			children = (
				013EDF581C0A9C26003F6A21 /* KxMenu.h */,
				013EDF591C0A9C26003F6A21 /* KxMenu.m */,
			);
			path = KxMenu;
			sourceTree = "<group>";
		};
		013EDF5A1C0A9C26003F6A21 /* MJRefresh */ = {
			isa = PBXGroup;
			children = (
				013EDF5B1C0A9C26003F6A21 /* Base */,
				013EDF661C0A9C26003F6A21 /* Custom */,
				013EDF7D1C0A9C26003F6A21 /* MJRefresh.bundle */,
				013EDF7E1C0A9C26003F6A21 /* MJRefresh.h */,
				013EDF7F1C0A9C26003F6A21 /* MJRefreshConst.h */,
				013EDF801C0A9C26003F6A21 /* MJRefreshConst.m */,
				013EDF811C0A9C26003F6A21 /* UIScrollView+MJExtension.h */,
				013EDF821C0A9C26003F6A21 /* UIScrollView+MJExtension.m */,
				013EDF831C0A9C26003F6A21 /* UIScrollView+MJRefresh.h */,
				013EDF841C0A9C26003F6A21 /* UIScrollView+MJRefresh.m */,
				013EDF851C0A9C26003F6A21 /* UIView+MJExtension.h */,
				013EDF861C0A9C26003F6A21 /* UIView+MJExtension.m */,
			);
			path = MJRefresh;
			sourceTree = "<group>";
		};
		013EDF5B1C0A9C26003F6A21 /* Base */ = {
			isa = PBXGroup;
			children = (
				013EDF5C1C0A9C26003F6A21 /* MJRefreshAutoFooter.h */,
				013EDF5D1C0A9C26003F6A21 /* MJRefreshAutoFooter.m */,
				013EDF5E1C0A9C26003F6A21 /* MJRefreshBackFooter.h */,
				013EDF5F1C0A9C26003F6A21 /* MJRefreshBackFooter.m */,
				013EDF601C0A9C26003F6A21 /* MJRefreshComponent.h */,
				013EDF611C0A9C26003F6A21 /* MJRefreshComponent.m */,
				013EDF621C0A9C26003F6A21 /* MJRefreshFooter.h */,
				013EDF631C0A9C26003F6A21 /* MJRefreshFooter.m */,
				013EDF641C0A9C26003F6A21 /* MJRefreshHeader.h */,
				013EDF651C0A9C26003F6A21 /* MJRefreshHeader.m */,
			);
			path = Base;
			sourceTree = "<group>";
		};
		013EDF661C0A9C26003F6A21 /* Custom */ = {
			isa = PBXGroup;
			children = (
				013EDF671C0A9C26003F6A21 /* Footer */,
				013EDF761C0A9C26003F6A21 /* Header */,
			);
			path = Custom;
			sourceTree = "<group>";
		};
		013EDF671C0A9C26003F6A21 /* Footer */ = {
			isa = PBXGroup;
			children = (
				013EDF681C0A9C26003F6A21 /* Auto */,
				013EDF6F1C0A9C26003F6A21 /* Back */,
			);
			path = Footer;
			sourceTree = "<group>";
		};
		013EDF681C0A9C26003F6A21 /* Auto */ = {
			isa = PBXGroup;
			children = (
				013EDF691C0A9C26003F6A21 /* MJRefreshAutoGifFooter.h */,
				013EDF6A1C0A9C26003F6A21 /* MJRefreshAutoGifFooter.m */,
				013EDF6B1C0A9C26003F6A21 /* MJRefreshAutoNormalFooter.h */,
				013EDF6C1C0A9C26003F6A21 /* MJRefreshAutoNormalFooter.m */,
				013EDF6D1C0A9C26003F6A21 /* MJRefreshAutoStateFooter.h */,
				013EDF6E1C0A9C26003F6A21 /* MJRefreshAutoStateFooter.m */,
			);
			path = Auto;
			sourceTree = "<group>";
		};
		013EDF6F1C0A9C26003F6A21 /* Back */ = {
			isa = PBXGroup;
			children = (
				013EDF701C0A9C26003F6A21 /* MJRefreshBackGifFooter.h */,
				013EDF711C0A9C26003F6A21 /* MJRefreshBackGifFooter.m */,
				013EDF721C0A9C26003F6A21 /* MJRefreshBackNormalFooter.h */,
				013EDF731C0A9C26003F6A21 /* MJRefreshBackNormalFooter.m */,
				013EDF741C0A9C26003F6A21 /* MJRefreshBackStateFooter.h */,
				013EDF751C0A9C26003F6A21 /* MJRefreshBackStateFooter.m */,
			);
			path = Back;
			sourceTree = "<group>";
		};
		013EDF761C0A9C26003F6A21 /* Header */ = {
			isa = PBXGroup;
			children = (
				013EDF771C0A9C26003F6A21 /* MJRefreshGifHeader.h */,
				013EDF781C0A9C26003F6A21 /* MJRefreshGifHeader.m */,
				013EDF791C0A9C26003F6A21 /* MJRefreshNormalHeader.h */,
				013EDF7A1C0A9C26003F6A21 /* MJRefreshNormalHeader.m */,
				013EDF7B1C0A9C26003F6A21 /* MJRefreshStateHeader.h */,
				013EDF7C1C0A9C26003F6A21 /* MJRefreshStateHeader.m */,
			);
			path = Header;
			sourceTree = "<group>";
		};
		013EDF871C0A9C26003F6A21 /* SDWebImage */ = {
			isa = PBXGroup;
			children = (
				013EDF881C0A9C26003F6A21 /* MKAnnotationView+WebCache.h */,
				013EDF891C0A9C26003F6A21 /* MKAnnotationView+WebCache.m */,
				013EDF8A1C0A9C26003F6A21 /* NSData+ImageContentType.h */,
				013EDF8B1C0A9C26003F6A21 /* NSData+ImageContentType.m */,
				013EDF8C1C0A9C26003F6A21 /* SDImageCache.h */,
				013EDF8D1C0A9C26003F6A21 /* SDImageCache.m */,
				013EDF8E1C0A9C26003F6A21 /* SDWebImageCompat.h */,
				013EDF8F1C0A9C26003F6A21 /* SDWebImageCompat.m */,
				013EDF901C0A9C26003F6A21 /* SDWebImageDecoder.h */,
				013EDF911C0A9C26003F6A21 /* SDWebImageDecoder.m */,
				013EDF921C0A9C26003F6A21 /* SDWebImageDownloader.h */,
				013EDF931C0A9C26003F6A21 /* SDWebImageDownloader.m */,
				013EDF941C0A9C26003F6A21 /* SDWebImageDownloaderOperation.h */,
				013EDF951C0A9C26003F6A21 /* SDWebImageDownloaderOperation.m */,
				013EDF961C0A9C26003F6A21 /* SDWebImageManager.h */,
				013EDF971C0A9C26003F6A21 /* SDWebImageManager.m */,
				013EDF981C0A9C26003F6A21 /* SDWebImageOperation.h */,
				013EDF991C0A9C26003F6A21 /* SDWebImagePrefetcher.h */,
				013EDF9A1C0A9C26003F6A21 /* SDWebImagePrefetcher.m */,
				013EDF9B1C0A9C26003F6A21 /* UIButton+WebCache.h */,
				013EDF9C1C0A9C26003F6A21 /* UIButton+WebCache.m */,
				013EDF9D1C0A9C26003F6A21 /* UIImage+GIF.h */,
				013EDF9E1C0A9C26003F6A21 /* UIImage+GIF.m */,
				013EDF9F1C0A9C26003F6A21 /* UIImage+MultiFormat.h */,
				013EDFA01C0A9C26003F6A21 /* UIImage+MultiFormat.m */,
				013EDFA11C0A9C26003F6A21 /* UIImage+WebP.h */,
				013EDFA21C0A9C26003F6A21 /* UIImage+WebP.m */,
				013EDFA31C0A9C26003F6A21 /* UIImageView+HighlightedWebCache.h */,
				013EDFA41C0A9C26003F6A21 /* UIImageView+HighlightedWebCache.m */,
				013EDFA51C0A9C26003F6A21 /* UIImageView+WebCache.h */,
				013EDFA61C0A9C26003F6A21 /* UIImageView+WebCache.m */,
				013EDFA71C0A9C26003F6A21 /* UIView+WebCacheOperation.h */,
				013EDFA81C0A9C26003F6A21 /* UIView+WebCacheOperation.m */,
			);
			path = SDWebImage;
			sourceTree = "<group>";
		};
		01456CB21C04868E00063C87 /* My */ = {
			isa = PBXGroup;
			children = (
				01456CB31C0486BE00063C87 /* GHMyViewController.h */,
				01456CB41C0486BE00063C87 /* GHMyViewController.m */,
				01F67BB21C059B8300F74828 /* GHNickNameViewController.h */,
				01F67BB31C059B8300F74828 /* GHNickNameViewController.m */,
				01F67BB51C059D8F00F74828 /* GHHeadImageViewController.h */,
				01F67BB61C059D8F00F74828 /* GHHeadImageViewController.m */,
				01F67BB81C05A15F00F74828 /* GHFollowUsAndHomePageViewController.h */,
				01F67BB91C05A15F00F74828 /* GHFollowUsAndHomePageViewController.m */,
				01F67BC51C05FC4100F74828 /* GHPublishViewController.h */,
				01F67BC61C05FC4100F74828 /* GHPublishViewController.m */,
			);
			path = My;
			sourceTree = "<group>";
		};
		01BF9BBE1BFF53FD00B2944A = {
			isa = PBXGroup;
			children = (
				018826891C08274D00C9422E /* ImageIO.framework */,
				01BF9BC91BFF53FD00B2944A /* GHMoran */,
				01BF9BE31BFF53FD00B2944A /* GHMoranTests */,
				01BF9BEE1BFF53FD00B2944A /* GHMoranUITests */,
				01BF9BC81BFF53FD00B2944A /* Products */,
			);
			sourceTree = "<group>";
		};
		01BF9BC81BFF53FD00B2944A /* Products */ = {
			isa = PBXGroup;
			children = (
				01BF9BC71BFF53FD00B2944A /* GHMoran.app */,
				01BF9BE01BFF53FD00B2944A /* GHMoranTests.xctest */,
				01BF9BEB1BFF53FD00B2944A /* GHMoranUITests.xctest */,
			);
			name = Products;
			sourceTree = "<group>";
		};
		01BF9BC91BFF53FD00B2944A /* GHMoran */ = {
			isa = PBXGroup;
			children = (
				013EDF561C0A9C26003F6A21 /* ThirdParty */,
				01BF9BFD1BFF554700B2944A /* App */,
				01BF9C001BFF554700B2944A /* Controllers */,
				01BF9C061BFF554700B2944A /* Globals */,
				01BF9C091BFF554700B2944A /* Models */,
				01BF9C0D1BFF554700B2944A /* NetWork */,
				01BF9C171BFF554700B2944A /* Resource */,
				01BF9C1A1BFF554700B2944A /* Supporting Files */,
				01BF9C1D1BFF554700B2944A /* Views */,
			);
			path = GHMoran;
			sourceTree = "<group>";
		};
		01BF9BE31BFF53FD00B2944A /* GHMoranTests */ = {
			isa = PBXGroup;
			children = (
				01BF9BE41BFF53FD00B2944A /* GHMoranTests.m */,
				01BF9BE61BFF53FD00B2944A /* Info.plist */,
			);
			path = GHMoranTests;
			sourceTree = "<group>";
		};
		01BF9BEE1BFF53FD00B2944A /* GHMoranUITests */ = {
			isa = PBXGroup;
			children = (
				01BF9BEF1BFF53FD00B2944A /* GHMoranUITests.m */,
				01BF9BF11BFF53FD00B2944A /* Info.plist */,
			);
			path = GHMoranUITests;
			sourceTree = "<group>";
		};
		01BF9BFD1BFF554700B2944A /* App */ = {
			isa = PBXGroup;
			children = (
				01BF9BFE1BFF554700B2944A /* AppDelegate.h */,
				01BF9BFF1BFF554700B2944A /* AppDelegate.m */,
			);
			path = App;
			sourceTree = "<group>";
		};
		01BF9C001BFF554700B2944A /* Controllers */ = {
			isa = PBXGroup;
			children = (
				01FC155C1C07322F00C3BDCA /* Square */,
				01456CB21C04868E00063C87 /* My */,
				01F3D4611C03242000882DDE /* LoginAndRegister */,
			);
			path = Controllers;
			sourceTree = "<group>";
		};
		01BF9C061BFF554700B2944A /* Globals */ = {
			isa = PBXGroup;
			children = (
				01BF9C071BFF554700B2944A /* GHGlobal.h */,
				01BF9C081BFF554700B2944A /* GHGlobal.m */,
			);
			path = Globals;
			sourceTree = "<group>";
		};
		01BF9C091BFF554700B2944A /* Models */ = {
			isa = PBXGroup;
			children = (
				01E691031C0C81F200398FAB /* Publish */,
				01FC15721C0741BB00C3BDCA /* Pictures */,
				01FC156E1C07412C00C3BDCA /* Square */,
				01BF9C0A1BFF554700B2944A /* Login */,
			);
			path = Models;
			sourceTree = "<group>";
		};
		01BF9C0A1BFF554700B2944A /* Login */ = {
			isa = PBXGroup;
			children = (
				01BF9C0B1BFF554700B2944A /* GHUserModel.h */,
				01BF9C0C1BFF554700B2944A /* GHUserModel.m */,
			);
			path = Login;
			sourceTree = "<group>";
		};
		01BF9C0D1BFF554700B2944A /* NetWork */ = {
			isa = PBXGroup;
			children = (
				01BF9C0E1BFF554700B2944A /* Parsers */,
				01BF9C111BFF554700B2944A /* Requests */,
				01BF9C141BFF554700B2944A /* Utilities */,
			);
			path = NetWork;
			sourceTree = "<group>";
		};
		01BF9C0E1BFF554700B2944A /* Parsers */ = {
			isa = PBXGroup;
			children = (
				01E691011C0C816000398FAB /* GHPublishRequestParser */,
				01FC15791C0742E700C3BDCA /* GHSquareRequestParser */,
				01BF9C0F1BFF554700B2944A /* GHLoginRequestParser.h */,
				01BF9C101BFF554700B2944A /* GHLoginRequestParser.m */,
				01F3D46C1C03546C00882DDE /* GHRegisterRequestParser.h */,
				01F3D46D1C03546C00882DDE /* GHRegisterRequestParser.m */,
			);
			path = Parsers;
			sourceTree = "<group>";
		};
		01BF9C111BFF554700B2944A /* Requests */ = {
			isa = PBXGroup;
			children = (
				01E691021C0C817400398FAB /* Publish */,
				01FC15801C074B9700C3BDCA /* Square */,
				01F67BBE1C05AE7600F74828 /* My */,
				01F3D4681C03468300882DDE /* LoginAndRegister */,
			);
			path = Requests;
			sourceTree = "<group>";
		};
		01BF9C141BFF554700B2944A /* Utilities */ = {
			isa = PBXGroup;
			children = (
				01BF9C151BFF554700B2944A /* BLMultipartForm.h */,
				01BF9C161BFF554700B2944A /* BLMultipartForm.m */,
			);
			path = Utilities;
			sourceTree = "<group>";
		};
		01BF9C171BFF554700B2944A /* Resource */ = {
			isa = PBXGroup;
			children = (
				01FC155A1C072ECD00C3BDCA /* images.xcassets */,
				01BF9C191BFF554700B2944A /* LaunchScreen.storyboard */,
			);
			path = Resource;
			sourceTree = "<group>";
		};
		01BF9C1A1BFF554700B2944A /* Supporting Files */ = {
			isa = PBXGroup;
			children = (
				01BF9C1B1BFF554700B2944A /* Info.plist */,
				01BF9C1C1BFF554700B2944A /* main.m */,
			);
			path = "Supporting Files";
			sourceTree = "<group>";
		};
		01BF9C1D1BFF554700B2944A /* Views */ = {
			isa = PBXGroup;
			children = (
				01FC15611C0732EF00C3BDCA /* Cell */,
				01BF9C1F1BFF554700B2944A /* Storyboard */,
			);
			path = Views;
			sourceTree = "<group>";
		};
		01BF9C1F1BFF554700B2944A /* Storyboard */ = {
			isa = PBXGroup;
			children = (
				01BF9C201BFF554700B2944A /* GHLoginAndRegister.storyboard */,
				01456CB01C04851700063C87 /* GHMy.storyboard */,
				01FC15561C06F5DF00C3BDCA /* GHPublish.storyboard */,
				01FC15581C072C8800C3BDCA /* GHSquare.storyboard */,
			);
			path = Storyboard;
			sourceTree = "<group>";
		};
		01E691011C0C816000398FAB /* GHPublishRequestParser */ = {
			isa = PBXGroup;
			children = (
				01E691041C0C822900398FAB /* GHPublishRequestParser.h */,
				01E691051C0C822900398FAB /* GHPublishRequestParser.m */,
			);
			path = GHPublishRequestParser;
			sourceTree = "<group>";
		};
		01E691021C0C817400398FAB /* Publish */ = {
			isa = PBXGroup;
			children = (
				01E691071C0C824D00398FAB /* GHPublishRequest.h */,
				01E691081C0C824D00398FAB /* GHPublishRequest.m */,
			);
			name = Publish;
			sourceTree = "<group>";
		};
		01E691031C0C81F200398FAB /* Publish */ = {
			isa = PBXGroup;
			children = (
				01E6910A1C0C826500398FAB /* GHPublishModel.h */,
				01E6910B1C0C826500398FAB /* GHPublishModel.m */,
			);
			path = Publish;
			sourceTree = "<group>";
		};
		01F3D4611C03242000882DDE /* LoginAndRegister */ = {
			isa = PBXGroup;
			children = (
				01F3D4621C03242000882DDE /* GHLoginAndRegisterViewController.h */,
				01F3D4631C03242000882DDE /* GHLoginAndRegisterViewController.m */,
				01F3D4651C03245500882DDE /* GHRegisterViewController.h */,
				01F3D4661C03245500882DDE /* GHRegisterViewController.m */,
			);
			path = LoginAndRegister;
			sourceTree = "<group>";
		};
		01F3D4681C03468300882DDE /* LoginAndRegister */ = {
			isa = PBXGroup;
			children = (
				01BF9C121BFF554700B2944A /* GHLoginRequest.h */,
				01BF9C131BFF554700B2944A /* GHLoginRequest.m */,
				01F3D4691C0346CF00882DDE /* GHRegisterRequest.h */,
				01F3D46A1C0346CF00882DDE /* GHRegisterRequest.m */,
				01F67BBB1C05A25E00F74828 /* GHGetImage.h */,
				01F67BBC1C05A25E00F74828 /* GHGetImage.m */,
			);
			name = LoginAndRegister;
			sourceTree = "<group>";
		};
		01F67BBE1C05AE7600F74828 /* My */ = {
			isa = PBXGroup;
			children = (
				01F67BBF1C05AE9A00F74828 /* GHReNameRequest.h */,
				01F67BC01C05AE9A00F74828 /* GHReNameRequest.m */,
				01F67BC21C05E67100F74828 /* GHReImageRequest.h */,
				01F67BC31C05E67100F74828 /* GHReImageRequest.m */,
			);
			name = My;
			sourceTree = "<group>";
		};
		01FC155C1C07322F00C3BDCA /* Square */ = {
			isa = PBXGroup;
			children = (
				01FC155D1C07322F00C3BDCA /* ViewDetail */,
				01FC156B1C07400100C3BDCA /* GHSquareViewController.h */,
				01FC156C1C07400100C3BDCA /* GHSquareViewController.m */,
			);
			path = Square;
			sourceTree = "<group>";
		};
		01FC155D1C07322F00C3BDCA /* ViewDetail */ = {
			isa = PBXGroup;
			children = (
				01FC155E1C0732A300C3BDCA /* GHViewDetailViewController.h */,
				01FC155F1C0732A300C3BDCA /* GHViewDetailViewController.m */,
			);
			path = ViewDetail;
			sourceTree = "<group>";
		};
		01FC15611C0732EF00C3BDCA /* Cell */ = {
			isa = PBXGroup;
			children = (
				01FC15621C07339D00C3BDCA /* GHSquareCell.h */,
				01FC15631C07339D00C3BDCA /* GHSquareCell.m */,
				01FC15681C07346D00C3BDCA /* GHSquareCollectionCell.h */,
				01FC15691C07346D00C3BDCA /* GHSquareCollectionCell.m */,
				013EDFD01C0BEEF2003F6A21 /* GHPublishCell.h */,
				013EDFD11C0BEEF2003F6A21 /* GHPublishCell.m */,
				013EDFD21C0BEEF2003F6A21 /* GHPublishCell.xib */,
			);
			path = Cell;
			sourceTree = "<group>";
		};
		01FC156E1C07412C00C3BDCA /* Square */ = {
			isa = PBXGroup;
			children = (
				01FC156F1C07414B00C3BDCA /* GHSquareModel.h */,
				01FC15701C07414B00C3BDCA /* GHSquareModel.m */,
			);
			path = Square;
			sourceTree = "<group>";
		};
		01FC15721C0741BB00C3BDCA /* Pictures */ = {
			isa = PBXGroup;
			children = (
				01FC15731C0741CF00C3BDCA /* GHPictureModel.h */,
				01FC15741C0741CF00C3BDCA /* GHPictureModel.m */,
			);
			path = Pictures;
			sourceTree = "<group>";
		};
		01FC15791C0742E700C3BDCA /* GHSquareRequestParser */ = {
			isa = PBXGroup;
			children = (
				01FC157D1C07431900C3BDCA /* GHSquareRequestParser.h */,
				01FC157E1C07431900C3BDCA /* GHSquareRequestParser.m */,
			);
			path = GHSquareRequestParser;
			sourceTree = "<group>";
		};
		01FC15801C074B9700C3BDCA /* Square */ = {
			isa = PBXGroup;
			children = (
				01FC15811C074BBD00C3BDCA /* GHSquareRequest.h */,
				01FC15821C074BBD00C3BDCA /* GHSquareRequest.m */,
			);
			name = Square;
			sourceTree = "<group>";
		};
/* End PBXGroup section */

/* Begin PBXNativeTarget section */
		01BF9BC61BFF53FD00B2944A /* GHMoran */ = {
			isa = PBXNativeTarget;
			buildConfigurationList = 01BF9BF41BFF53FD00B2944A /* Build configuration list for PBXNativeTarget "GHMoran" */;
			buildPhases = (
				01BF9BC31BFF53FD00B2944A /* Sources */,
				01BF9BC41BFF53FD00B2944A /* Frameworks */,
				01BF9BC51BFF53FD00B2944A /* Resources */,
			);
			buildRules = (
			);
			dependencies = (
			);
			name = GHMoran;
			productName = GHMoran;
			productReference = 01BF9BC71BFF53FD00B2944A /* GHMoran.app */;
			productType = "com.apple.product-type.application";
		};
		01BF9BDF1BFF53FD00B2944A /* GHMoranTests */ = {
			isa = PBXNativeTarget;
			buildConfigurationList = 01BF9BF71BFF53FD00B2944A /* Build configuration list for PBXNativeTarget "GHMoranTests" */;
			buildPhases = (
				01BF9BDC1BFF53FD00B2944A /* Sources */,
				01BF9BDD1BFF53FD00B2944A /* Frameworks */,
				01BF9BDE1BFF53FD00B2944A /* Resources */,
			);
			buildRules = (
			);
			dependencies = (
				01BF9BE21BFF53FD00B2944A /* PBXTargetDependency */,
			);
			name = GHMoranTests;
			productName = GHMoranTests;
			productReference = 01BF9BE01BFF53FD00B2944A /* GHMoranTests.xctest */;
			productType = "com.apple.product-type.bundle.unit-test";
		};
		01BF9BEA1BFF53FD00B2944A /* GHMoranUITests */ = {
			isa = PBXNativeTarget;
			buildConfigurationList = 01BF9BFA1BFF53FD00B2944A /* Build configuration list for PBXNativeTarget "GHMoranUITests" */;
			buildPhases = (
				01BF9BE71BFF53FD00B2944A /* Sources */,
				01BF9BE81BFF53FD00B2944A /* Frameworks */,
				01BF9BE91BFF53FD00B2944A /* Resources */,
			);
			buildRules = (
			);
			dependencies = (
				01BF9BED1BFF53FD00B2944A /* PBXTargetDependency */,
			);
			name = GHMoranUITests;
			productName = GHMoranUITests;
			productReference = 01BF9BEB1BFF53FD00B2944A /* GHMoranUITests.xctest */;
			productType = "com.apple.product-type.bundle.ui-testing";
		};
/* End PBXNativeTarget section */

/* Begin PBXProject section */
		01BF9BBF1BFF53FD00B2944A /* Project object */ = {
			isa = PBXProject;
			attributes = {
				KnownAssetTags = (
					New,
				);
				LastUpgradeCheck = 0710;
				ORGANIZATIONNAME = GH;
				TargetAttributes = {
					01BF9BC61BFF53FD00B2944A = {
						CreatedOnToolsVersion = 7.1;
						DevelopmentTeam = C5EW5HCN46;
					};
					01BF9BDF1BFF53FD00B2944A = {
						CreatedOnToolsVersion = 7.1;
						TestTargetID = 01BF9BC61BFF53FD00B2944A;
					};
					01BF9BEA1BFF53FD00B2944A = {
						CreatedOnToolsVersion = 7.1;
						TestTargetID = 01BF9BC61BFF53FD00B2944A;
					};
				};
			};
			buildConfigurationList = 01BF9BC21BFF53FD00B2944A /* Build configuration list for PBXProject "GHMoran" */;
			compatibilityVersion = "Xcode 3.2";
			developmentRegion = English;
			hasScannedForEncodings = 0;
			knownRegions = (
				en,
				Base,
			);
			mainGroup = 01BF9BBE1BFF53FD00B2944A;
			productRefGroup = 01BF9BC81BFF53FD00B2944A /* Products */;
			projectDirPath = "";
			projectRoot = "";
			targets = (
				01BF9BC61BFF53FD00B2944A /* GHMoran */,
				01BF9BDF1BFF53FD00B2944A /* GHMoranTests */,
				01BF9BEA1BFF53FD00B2944A /* GHMoranUITests */,
			);
		};
/* End PBXProject section */

/* Begin PBXResourcesBuildPhase section */
		01BF9BC51BFF53FD00B2944A /* Resources */ = {
			isa = PBXResourcesBuildPhase;
			buildActionMask = 2147483647;
			files = (
				01BF9C2D1BFF554700B2944A /* GHLoginAndRegister.storyboard in Resources */,
				01FC155B1C072ECD00C3BDCA /* images.xcassets in Resources */,
				01FC15571C06F5DF00C3BDCA /* GHPublish.storyboard in Resources */,
				013EDFD41C0BEEF2003F6A21 /* GHPublishCell.xib in Resources */,
				01FC15591C072C8800C3BDCA /* GHSquare.storyboard in Resources */,
				01BF9C2A1BFF554700B2944A /* LaunchScreen.storyboard in Resources */,
				01456CB11C04851700063C87 /* GHMy.storyboard in Resources */,
				013EDFB81C0A9C26003F6A21 /* MJRefresh.bundle in Resources */,
				01BF9C2B1BFF554700B2944A /* Info.plist in Resources */,
			);
			runOnlyForDeploymentPostprocessing = 0;
		};
		01BF9BDE1BFF53FD00B2944A /* Resources */ = {
			isa = PBXResourcesBuildPhase;
			buildActionMask = 2147483647;
			files = (
			);
			runOnlyForDeploymentPostprocessing = 0;
		};
		01BF9BE91BFF53FD00B2944A /* Resources */ = {
			isa = PBXResourcesBuildPhase;
			buildActionMask = 2147483647;
			files = (
			);
			runOnlyForDeploymentPostprocessing = 0;
		};
/* End PBXResourcesBuildPhase section */

/* Begin PBXSourcesBuildPhase section */
		01BF9BC31BFF53FD00B2944A /* Sources */ = {
			isa = PBXSourcesBuildPhase;
			buildActionMask = 2147483647;
			files = (
				01BF9C281BFF554700B2944A /* BLMultipartForm.m in Sources */,
				013EDFAF1C0A9C26003F6A21 /* MJRefreshAutoGifFooter.m in Sources */,
				013EDFB41C0A9C26003F6A21 /* MJRefreshBackStateFooter.m in Sources */,
				013EDFBC1C0A9C26003F6A21 /* UIView+MJExtension.m in Sources */,
				013EDFAD1C0A9C26003F6A21 /* MJRefreshFooter.m in Sources */,
				01FC15751C0741CF00C3BDCA /* GHPictureModel.m in Sources */,
				013EDFC81C0A9C26003F6A21 /* UIImage+MultiFormat.m in Sources */,
				01F3D46B1C0346CF00882DDE /* GHRegisterRequest.m in Sources */,
				013EDFC91C0A9C26003F6A21 /* UIImage+WebP.m in Sources */,
				013EDFD31C0BEEF2003F6A21 /* GHPublishCell.m in Sources */,
				013EDFC11C0A9C26003F6A21 /* SDWebImageDecoder.m in Sources */,
				013EDFC01C0A9C26003F6A21 /* SDWebImageCompat.m in Sources */,
				013EDFAA1C0A9C26003F6A21 /* MJRefreshAutoFooter.m in Sources */,
				01F3D4671C03245500882DDE /* GHRegisterViewController.m in Sources */,
				013EDFBA1C0A9C26003F6A21 /* UIScrollView+MJExtension.m in Sources */,
				013EDFBE1C0A9C26003F6A21 /* NSData+ImageContentType.m in Sources */,
				01FC15601C0732A300C3BDCA /* GHViewDetailViewController.m in Sources */,
				013EDFB11C0A9C26003F6A21 /* MJRefreshAutoStateFooter.m in Sources */,
				01BF9C261BFF554700B2944A /* GHLoginRequestParser.m in Sources */,
				013EDFCA1C0A9C26003F6A21 /* UIImageView+HighlightedWebCache.m in Sources */,
				01BF9C271BFF554700B2944A /* GHLoginRequest.m in Sources */,
				01BF9C241BFF554700B2944A /* GHGlobal.m in Sources */,
				013EDFAE1C0A9C26003F6A21 /* MJRefreshHeader.m in Sources */,
				01F3D4641C03242000882DDE /* GHLoginAndRegisterViewController.m in Sources */,
				013EDFC21C0A9C26003F6A21 /* SDWebImageDownloader.m in Sources */,
				013EDFC61C0A9C26003F6A21 /* UIButton+WebCache.m in Sources */,
				01FC15641C07339D00C3BDCA /* GHSquareCell.m in Sources */,
				01F67BB71C059D8F00F74828 /* GHHeadImageViewController.m in Sources */,
				013EDFA91C0A9C26003F6A21 /* KxMenu.m in Sources */,
				01F67BC11C05AE9A00F74828 /* GHReNameRequest.m in Sources */,
				01FC15831C074BBD00C3BDCA /* GHSquareRequest.m in Sources */,
				01F67BB41C059B8300F74828 /* GHNickNameViewController.m in Sources */,
				01F67BBD1C05A25E00F74828 /* GHGetImage.m in Sources */,
				013EDFBB1C0A9C26003F6A21 /* UIScrollView+MJRefresh.m in Sources */,
				013EDFC31C0A9C26003F6A21 /* SDWebImageDownloaderOperation.m in Sources */,
				013EDFB31C0A9C26003F6A21 /* MJRefreshBackNormalFooter.m in Sources */,
				01E6910C1C0C826500398FAB /* GHPublishModel.m in Sources */,
				01456CB51C0486BE00063C87 /* GHMyViewController.m in Sources */,
				013EDFAB1C0A9C26003F6A21 /* MJRefreshBackFooter.m in Sources */,
				01E691091C0C824D00398FAB /* GHPublishRequest.m in Sources */,
				01FC156D1C07400100C3BDCA /* GHSquareViewController.m in Sources */,
				01FC157F1C07431A00C3BDCA /* GHSquareRequestParser.m in Sources */,
				01F3D46E1C03546C00882DDE /* GHRegisterRequestParser.m in Sources */,
				013EDFB51C0A9C26003F6A21 /* MJRefreshGifHeader.m in Sources */,
				01BF9C251BFF554700B2944A /* GHUserModel.m in Sources */,
				013EDFCC1C0A9C26003F6A21 /* UIView+WebCacheOperation.m in Sources */,
				013EDFBF1C0A9C26003F6A21 /* SDImageCache.m in Sources */,
				013EDFC41C0A9C26003F6A21 /* SDWebImageManager.m in Sources */,
				013EDFB01C0A9C26003F6A21 /* MJRefreshAutoNormalFooter.m in Sources */,
				01E691061C0C822900398FAB /* GHPublishRequestParser.m in Sources */,
				013EDFC51C0A9C26003F6A21 /* SDWebImagePrefetcher.m in Sources */,
				013EDFB21C0A9C26003F6A21 /* MJRefreshBackGifFooter.m in Sources */,
				01F67BC71C05FC4100F74828 /* GHPublishViewController.m in Sources */,
				01BF9C2C1BFF554700B2944A /* main.m in Sources */,
				01FC15711C07414B00C3BDCA /* GHSquareModel.m in Sources */,
				01F67BC41C05E67100F74828 /* GHReImageRequest.m in Sources */,
				01FC156A1C07346D00C3BDCA /* GHSquareCollectionCell.m in Sources */,
				013EDFCB1C0A9C26003F6A21 /* UIImageView+WebCache.m in Sources */,
				013EDFB71C0A9C26003F6A21 /* MJRefreshStateHeader.m in Sources */,
				01BF9C211BFF554700B2944A /* AppDelegate.m in Sources */,
				013EDFBD1C0A9C26003F6A21 /* MKAnnotationView+WebCache.m in Sources */,
				013EDFB91C0A9C26003F6A21 /* MJRefreshConst.m in Sources */,
				01F67BBA1C05A15F00F74828 /* GHFollowUsAndHomePageViewController.m in Sources */,
				013EDFC71C0A9C26003F6A21 /* UIImage+GIF.m in Sources */,
				013EDFB61C0A9C26003F6A21 /* MJRefreshNormalHeader.m in Sources */,
				013EDFAC1C0A9C26003F6A21 /* MJRefreshComponent.m in Sources */,
			);
			runOnlyForDeploymentPostprocessing = 0;
		};
		01BF9BDC1BFF53FD00B2944A /* Sources */ = {
			isa = PBXSourcesBuildPhase;
			buildActionMask = 2147483647;
			files = (
				01BF9BE51BFF53FD00B2944A /* GHMoranTests.m in Sources */,
			);
			runOnlyForDeploymentPostprocessing = 0;
		};
		01BF9BE71BFF53FD00B2944A /* Sources */ = {
			isa = PBXSourcesBuildPhase;
			buildActionMask = 2147483647;
			files = (
				01BF9BF01BFF53FD00B2944A /* GHMoranUITests.m in Sources */,
			);
			runOnlyForDeploymentPostprocessing = 0;
		};
/* End PBXSourcesBuildPhase section */

/* Begin PBXTargetDependency section */
		01BF9BE21BFF53FD00B2944A /* PBXTargetDependency */ = {
			isa = PBXTargetDependency;
			target = 01BF9BC61BFF53FD00B2944A /* GHMoran */;
			targetProxy = 01BF9BE11BFF53FD00B2944A /* PBXContainerItemProxy */;
		};
		01BF9BED1BFF53FD00B2944A /* PBXTargetDependency */ = {
			isa = PBXTargetDependency;
			target = 01BF9BC61BFF53FD00B2944A /* GHMoran */;
			targetProxy = 01BF9BEC1BFF53FD00B2944A /* PBXContainerItemProxy */;
		};
/* End PBXTargetDependency section */

/* Begin XCBuildConfiguration section */
		01BF9BF21BFF53FD00B2944A /* Debug */ = {
			isa = XCBuildConfiguration;
			buildSettings = {
				ALWAYS_SEARCH_USER_PATHS = NO;
				CLANG_CXX_LANGUAGE_STANDARD = "gnu++0x";
				CLANG_CXX_LIBRARY = "libc++";
				CLANG_ENABLE_MODULES = YES;
				CLANG_ENABLE_OBJC_ARC = YES;
				CLANG_WARN_BOOL_CONVERSION = YES;
				CLANG_WARN_CONSTANT_CONVERSION = YES;
				CLANG_WARN_DIRECT_OBJC_ISA_USAGE = YES_ERROR;
				CLANG_WARN_EMPTY_BODY = YES;
				CLANG_WARN_ENUM_CONVERSION = YES;
				CLANG_WARN_INT_CONVERSION = YES;
				CLANG_WARN_OBJC_ROOT_CLASS = YES_ERROR;
				CLANG_WARN_UNREACHABLE_CODE = YES;
				CLANG_WARN__DUPLICATE_METHOD_MATCH = YES;
				"CODE_SIGN_IDENTITY[sdk=iphoneos*]" = "iPhone Developer";
				COPY_PHASE_STRIP = NO;
				DEBUG_INFORMATION_FORMAT = dwarf;
				ENABLE_STRICT_OBJC_MSGSEND = YES;
				ENABLE_TESTABILITY = YES;
				GCC_C_LANGUAGE_STANDARD = gnu99;
				GCC_DYNAMIC_NO_PIC = NO;
				GCC_NO_COMMON_BLOCKS = YES;
				GCC_OPTIMIZATION_LEVEL = 0;
				GCC_PREPROCESSOR_DEFINITIONS = (
					"DEBUG=1",
					"$(inherited)",
				);
				GCC_WARN_64_TO_32_BIT_CONVERSION = YES;
				GCC_WARN_ABOUT_RETURN_TYPE = YES_ERROR;
				GCC_WARN_UNDECLARED_SELECTOR = YES;
				GCC_WARN_UNINITIALIZED_AUTOS = YES_AGGRESSIVE;
				GCC_WARN_UNUSED_FUNCTION = YES;
				GCC_WARN_UNUSED_VARIABLE = YES;
				IPHONEOS_DEPLOYMENT_TARGET = 9.1;
				MTL_ENABLE_DEBUG_INFO = YES;
				ONLY_ACTIVE_ARCH = YES;
				SDKROOT = iphoneos;
				TARGETED_DEVICE_FAMILY = "1,2";
			};
			name = Debug;
		};
		01BF9BF31BFF53FD00B2944A /* Release */ = {
			isa = XCBuildConfiguration;
			buildSettings = {
				ALWAYS_SEARCH_USER_PATHS = NO;
				CLANG_CXX_LANGUAGE_STANDARD = "gnu++0x";
				CLANG_CXX_LIBRARY = "libc++";
				CLANG_ENABLE_MODULES = YES;
				CLANG_ENABLE_OBJC_ARC = YES;
				CLANG_WARN_BOOL_CONVERSION = YES;
				CLANG_WARN_CONSTANT_CONVERSION = YES;
				CLANG_WARN_DIRECT_OBJC_ISA_USAGE = YES_ERROR;
				CLANG_WARN_EMPTY_BODY = YES;
				CLANG_WARN_ENUM_CONVERSION = YES;
				CLANG_WARN_INT_CONVERSION = YES;
				CLANG_WARN_OBJC_ROOT_CLASS = YES_ERROR;
				CLANG_WARN_UNREACHABLE_CODE = YES;
				CLANG_WARN__DUPLICATE_METHOD_MATCH = YES;
				"CODE_SIGN_IDENTITY[sdk=iphoneos*]" = "iPhone Developer";
				COPY_PHASE_STRIP = NO;
				DEBUG_INFORMATION_FORMAT = "dwarf-with-dsym";
				ENABLE_NS_ASSERTIONS = NO;
				ENABLE_STRICT_OBJC_MSGSEND = YES;
				GCC_C_LANGUAGE_STANDARD = gnu99;
				GCC_NO_COMMON_BLOCKS = YES;
				GCC_WARN_64_TO_32_BIT_CONVERSION = YES;
				GCC_WARN_ABOUT_RETURN_TYPE = YES_ERROR;
				GCC_WARN_UNDECLARED_SELECTOR = YES;
				GCC_WARN_UNINITIALIZED_AUTOS = YES_AGGRESSIVE;
				GCC_WARN_UNUSED_FUNCTION = YES;
				GCC_WARN_UNUSED_VARIABLE = YES;
				IPHONEOS_DEPLOYMENT_TARGET = 9.1;
				MTL_ENABLE_DEBUG_INFO = NO;
				SDKROOT = iphoneos;
				TARGETED_DEVICE_FAMILY = "1,2";
				VALIDATE_PRODUCT = YES;
			};
			name = Release;
		};
		01BF9BF51BFF53FD00B2944A /* Debug */ = {
			isa = XCBuildConfiguration;
			buildSettings = {
				CODE_SIGN_IDENTITY = "iPhone Developer";
				ENABLE_BITCODE = NO;
				FRAMEWORK_SEARCH_PATHS = (
					"$(inherited)",
					"$(PROJECT_DIR)",
				);
				INFOPLIST_FILE = "$(SRCROOT)/GHMoran/Supporting Files/Info.plist";
				IPHONEOS_DEPLOYMENT_TARGET = 8.0;
				LD_RUNPATH_SEARCH_PATHS = "$(inherited) @executable_path/Frameworks";
				OTHER_LDFLAGS = "-ObjC";
				PRODUCT_BUNDLE_IDENTIFIER = "alsace.gao-carestream.com.GHMoran";
				PRODUCT_NAME = "$(TARGET_NAME)";
				TARGETED_DEVICE_FAMILY = 1;
			};
			name = Debug;
		};
		01BF9BF61BFF53FD00B2944A /* Release */ = {
			isa = XCBuildConfiguration;
			buildSettings = {
				CODE_SIGN_IDENTITY = "iPhone Developer";
				ENABLE_BITCODE = NO;
				FRAMEWORK_SEARCH_PATHS = (
					"$(inherited)",
					"$(PROJECT_DIR)",
				);
				INFOPLIST_FILE = "$(SRCROOT)/GHMoran/Supporting Files/Info.plist";
				IPHONEOS_DEPLOYMENT_TARGET = 8.0;
				LD_RUNPATH_SEARCH_PATHS = "$(inherited) @executable_path/Frameworks";
				ONLY_ACTIVE_ARCH = YES;
				OTHER_LDFLAGS = "-ObjC";
				PRODUCT_BUNDLE_IDENTIFIER = "alsace.gao-carestream.com.GHMoran";
				PRODUCT_NAME = "$(TARGET_NAME)";
				TARGETED_DEVICE_FAMILY = 1;
			};
			name = Release;
		};
		01BF9BF81BFF53FD00B2944A /* Debug */ = {
			isa = XCBuildConfiguration;
			buildSettings = {
				BUNDLE_LOADER = "$(TEST_HOST)";
				INFOPLIST_FILE = GHMoranTests/Info.plist;
				LD_RUNPATH_SEARCH_PATHS = "$(inherited) @executable_path/Frameworks @loader_path/Frameworks";
				PRODUCT_BUNDLE_IDENTIFIER = "alsace.gao-carestream.com.GHMoranTests";
				PRODUCT_NAME = "$(TARGET_NAME)";
				TEST_HOST = "$(BUILT_PRODUCTS_DIR)/GHMoran.app/GHMoran";
			};
			name = Debug;
		};
		01BF9BF91BFF53FD00B2944A /* Release */ = {
			isa = XCBuildConfiguration;
			buildSettings = {
				BUNDLE_LOADER = "$(TEST_HOST)";
				INFOPLIST_FILE = GHMoranTests/Info.plist;
				LD_RUNPATH_SEARCH_PATHS = "$(inherited) @executable_path/Frameworks @loader_path/Frameworks";
				PRODUCT_BUNDLE_IDENTIFIER = "alsace.gao-carestream.com.GHMoranTests";
				PRODUCT_NAME = "$(TARGET_NAME)";
				TEST_HOST = "$(BUILT_PRODUCTS_DIR)/GHMoran.app/GHMoran";
			};
			name = Release;
		};
		01BF9BFB1BFF53FD00B2944A /* Debug */ = {
			isa = XCBuildConfiguration;
			buildSettings = {
				INFOPLIST_FILE = GHMoranUITests/Info.plist;
				LD_RUNPATH_SEARCH_PATHS = "$(inherited) @executable_path/Frameworks @loader_path/Frameworks";
				PRODUCT_BUNDLE_IDENTIFIER = "alsace.gao-carestream.com.GHMoranUITests";
				PRODUCT_NAME = "$(TARGET_NAME)";
				TEST_TARGET_NAME = GHMoran;
				USES_XCTRUNNER = YES;
			};
			name = Debug;
		};
		01BF9BFC1BFF53FD00B2944A /* Release */ = {
			isa = XCBuildConfiguration;
			buildSettings = {
				INFOPLIST_FILE = GHMoranUITests/Info.plist;
				LD_RUNPATH_SEARCH_PATHS = "$(inherited) @executable_path/Frameworks @loader_path/Frameworks";
				PRODUCT_BUNDLE_IDENTIFIER = "alsace.gao-carestream.com.GHMoranUITests";
				PRODUCT_NAME = "$(TARGET_NAME)";
				TEST_TARGET_NAME = GHMoran;
				USES_XCTRUNNER = YES;
			};
			name = Release;
		};
/* End XCBuildConfiguration section */

/* Begin XCConfigurationList section */
		01BF9BC21BFF53FD00B2944A /* Build configuration list for PBXProject "GHMoran" */ = {
			isa = XCConfigurationList;
			buildConfigurations = (
				01BF9BF21BFF53FD00B2944A /* Debug */,
				01BF9BF31BFF53FD00B2944A /* Release */,
			);
			defaultConfigurationIsVisible = 0;
			defaultConfigurationName = Release;
		};
		01BF9BF41BFF53FD00B2944A /* Build configuration list for PBXNativeTarget "GHMoran" */ = {
			isa = XCConfigurationList;
			buildConfigurations = (
				01BF9BF51BFF53FD00B2944A /* Debug */,
				01BF9BF61BFF53FD00B2944A /* Release */,
			);
			defaultConfigurationIsVisible = 0;
			defaultConfigurationName = Release;
		};
		01BF9BF71BFF53FD00B2944A /* Build configuration list for PBXNativeTarget "GHMoranTests" */ = {
			isa = XCConfigurationList;
			buildConfigurations = (
				01BF9BF81BFF53FD00B2944A /* Debug */,
				01BF9BF91BFF53FD00B2944A /* Release */,
			);
			defaultConfigurationIsVisible = 0;
			defaultConfigurationName = Release;
		};
		01BF9BFA1BFF53FD00B2944A /* Build configuration list for PBXNativeTarget "GHMoranUITests" */ = {
			isa = XCConfigurationList;
			buildConfigurations = (
				01BF9BFB1BFF53FD00B2944A /* Debug */,
				01BF9BFC1BFF53FD00B2944A /* Release */,
			);
			defaultConfigurationIsVisible = 0;
			defaultConfigurationName = Release;
		};
/* End XCConfigurationList section */
	};
	rootObject = 01BF9BBF1BFF53FD00B2944A /* Project object */;
}
