// !$*UTF8*$!
{
	archiveVersion = 1;
	classes = {
	};
	objectVersion = 46;
	objects = {

/* Begin PBXBuildFile section */
		01456CB11C04851700063C87 /* GHMy.storyboard in Resources */ = {isa = PBXBuildFile; fileRef = 01456CB01C04851700063C87 /* GHMy.storyboard */; };
		01456CB51C0486BE00063C87 /* GHMyViewController.m in Sources */ = {isa = PBXBuildFile; fileRef = 01456CB41C0486BE00063C87 /* GHMyViewController.m */; };
		01BF9BE51BFF53FD00B2944A /* GHMoranTests.m in Sources */ = {isa = PBXBuildFile; fileRef = 01BF9BE41BFF53FD00B2944A /* GHMoranTests.m */; };
		01BF9BF01BFF53FD00B2944A /* GHMoranUITests.m in Sources */ = {isa = PBXBuildFile; fileRef = 01BF9BEF1BFF53FD00B2944A /* GHMoranUITests.m */; };
		01BF9C211BFF554700B2944A /* AppDelegate.m in Sources */ = {isa = PBXBuildFile; fileRef = 01BF9BFF1BFF554700B2944A /* AppDelegate.m */; };
		01BF9C241BFF554700B2944A /* GHGlobal.m in Sources */ = {isa = PBXBuildFile; fileRef = 01BF9C081BFF554700B2944A /* GHGlobal.m */; };
		01BF9C251BFF554700B2944A /* GHUserModel.m in Sources */ = {isa = PBXBuildFile; fileRef = 01BF9C0C1BFF554700B2944A /* GHUserModel.m */; };
		01BF9C261BFF554700B2944A /* GHLoginRequestParser.m in Sources */ = {isa = PBXBuildFile; fileRef = 01BF9C101BFF554700B2944A /* GHLoginRequestParser.m */; };
		01BF9C271BFF554700B2944A /* GHLoginRequest.m in Sources */ = {isa = PBXBuildFile; fileRef = 01BF9C131BFF554700B2944A /* GHLoginRequest.m */; };
		01BF9C281BFF554700B2944A /* BLMultipartForm.m in Sources */ = {isa = PBXBuildFile; fileRef = 01BF9C161BFF554700B2944A /* BLMultipartForm.m */; };
		01BF9C291BFF554700B2944A /* images.xcassets in Resources */ = {isa = PBXBuildFile; fileRef = 01BF9C181BFF554700B2944A /* images.xcassets */; };
		01BF9C2A1BFF554700B2944A /* LaunchScreen.storyboard in Resources */ = {isa = PBXBuildFile; fileRef = 01BF9C191BFF554700B2944A /* LaunchScreen.storyboard */; };
		01BF9C2B1BFF554700B2944A /* Info.plist in Resources */ = {isa = PBXBuildFile; fileRef = 01BF9C1B1BFF554700B2944A /* Info.plist */; };
		01BF9C2C1BFF554700B2944A /* main.m in Sources */ = {isa = PBXBuildFile; fileRef = 01BF9C1C1BFF554700B2944A /* main.m */; };
		01BF9C2D1BFF554700B2944A /* GHLoginAndRegister.storyboard in Resources */ = {isa = PBXBuildFile; fileRef = 01BF9C201BFF554700B2944A /* GHLoginAndRegister.storyboard */; };
		01F3D4641C03242000882DDE /* GHLoginAndRegisterViewController.m in Sources */ = {isa = PBXBuildFile; fileRef = 01F3D4631C03242000882DDE /* GHLoginAndRegisterViewController.m */; };
		01F3D4671C03245500882DDE /* GHRegisterViewController.m in Sources */ = {isa = PBXBuildFile; fileRef = 01F3D4661C03245500882DDE /* GHRegisterViewController.m */; };
		01F3D46B1C0346CF00882DDE /* GHRegisterRequest.m in Sources */ = {isa = PBXBuildFile; fileRef = 01F3D46A1C0346CF00882DDE /* GHRegisterRequest.m */; };
		01F3D46E1C03546C00882DDE /* GHRegisterRequestParser.m in Sources */ = {isa = PBXBuildFile; fileRef = 01F3D46D1C03546C00882DDE /* GHRegisterRequestParser.m */; };
		01F67BB41C059B8300F74828 /* GHNickNameViewController.m in Sources */ = {isa = PBXBuildFile; fileRef = 01F67BB31C059B8300F74828 /* GHNickNameViewController.m */; };
		01F67BB71C059D8F00F74828 /* GHHeadImageViewController.m in Sources */ = {isa = PBXBuildFile; fileRef = 01F67BB61C059D8F00F74828 /* GHHeadImageViewController.m */; };
		01F67BBA1C05A15F00F74828 /* GHFollowUsAndHomePageViewController.m in Sources */ = {isa = PBXBuildFile; fileRef = 01F67BB91C05A15F00F74828 /* GHFollowUsAndHomePageViewController.m */; };
		01F67BBD1C05A25E00F74828 /* GHGetImage.m in Sources */ = {isa = PBXBuildFile; fileRef = 01F67BBC1C05A25E00F74828 /* GHGetImage.m */; };
		01F67BC11C05AE9A00F74828 /* GHReNameRequest.m in Sources */ = {isa = PBXBuildFile; fileRef = 01F67BC01C05AE9A00F74828 /* GHReNameRequest.m */; };
		01F67BC41C05E67100F74828 /* GHReImageRequest.m in Sources */ = {isa = PBXBuildFile; fileRef = 01F67BC31C05E67100F74828 /* GHReImageRequest.m */; };
		01F67BC71C05FC4100F74828 /* GHPublishViewController.m in Sources */ = {isa = PBXBuildFile; fileRef = 01F67BC61C05FC4100F74828 /* GHPublishViewController.m */; };
		01FC15571C06F5DF00C3BDCA /* GHPublish.storyboard in Resources */ = {isa = PBXBuildFile; fileRef = 01FC15561C06F5DF00C3BDCA /* GHPublish.storyboard */; };
/* End PBXBuildFile section */

/* Begin PBXContainerItemProxy section */
		01BF9BE11BFF53FD00B2944A /* PBXContainerItemProxy */ = {
			isa = PBXContainerItemProxy;
			containerPortal = 01BF9BBF1BFF53FD00B2944A /* Project object */;
			proxyType = 1;
			remoteGlobalIDString = 01BF9BC61BFF53FD00B2944A;
			remoteInfo = GHMoran;
		};
		01BF9BEC1BFF53FD00B2944A /* PBXContainerItemProxy */ = {
			isa = PBXContainerItemProxy;
			containerPortal = 01BF9BBF1BFF53FD00B2944A /* Project object */;
			proxyType = 1;
			remoteGlobalIDString = 01BF9BC61BFF53FD00B2944A;
			remoteInfo = GHMoran;
		};
/* End PBXContainerItemProxy section */

/* Begin PBXFileReference section */
		01456CB01C04851700063C87 /* GHMy.storyboard */ = {isa = PBXFileReference; fileEncoding = 4; lastKnownFileType = file.storyboard; path = GHMy.storyboard; sourceTree = "<group>"; };
		01456CB31C0486BE00063C87 /* GHMyViewController.h */ = {isa = PBXFileReference; fileEncoding = 4; lastKnownFileType = sourcecode.c.h; path = GHMyViewController.h; sourceTree = "<group>"; };
		01456CB41C0486BE00063C87 /* GHMyViewController.m */ = {isa = PBXFileReference; fileEncoding = 4; lastKnownFileType = sourcecode.c.objc; path = GHMyViewController.m; sourceTree = "<group>"; };
		01BF9BC71BFF53FD00B2944A /* GHMoran.app */ = {isa = PBXFileReference; explicitFileType = wrapper.application; includeInIndex = 0; path = GHMoran.app; sourceTree = BUILT_PRODUCTS_DIR; };
		01BF9BE01BFF53FD00B2944A /* GHMoranTests.xctest */ = {isa = PBXFileReference; explicitFileType = wrapper.cfbundle; includeInIndex = 0; path = GHMoranTests.xctest; sourceTree = BUILT_PRODUCTS_DIR; };
		01BF9BE41BFF53FD00B2944A /* GHMoranTests.m */ = {isa = PBXFileReference; lastKnownFileType = sourcecode.c.objc; path = GHMoranTests.m; sourceTree = "<group>"; };
		01BF9BE61BFF53FD00B2944A /* Info.plist */ = {isa = PBXFileReference; lastKnownFileType = text.plist.xml; path = Info.plist; sourceTree = "<group>"; };
		01BF9BEB1BFF53FD00B2944A /* GHMoranUITests.xctest */ = {isa = PBXFileReference; explicitFileType = wrapper.cfbundle; includeInIndex = 0; path = GHMoranUITests.xctest; sourceTree = BUILT_PRODUCTS_DIR; };
		01BF9BEF1BFF53FD00B2944A /* GHMoranUITests.m */ = {isa = PBXFileReference; lastKnownFileType = sourcecode.c.objc; path = GHMoranUITests.m; sourceTree = "<group>"; };
		01BF9BF11BFF53FD00B2944A /* Info.plist */ = {isa = PBXFileReference; lastKnownFileType = text.plist.xml; path = Info.plist; sourceTree = "<group>"; };
		01BF9BFE1BFF554700B2944A /* AppDelegate.h */ = {isa = PBXFileReference; fileEncoding = 4; lastKnownFileType = sourcecode.c.h; path = AppDelegate.h; sourceTree = "<group>"; };
		01BF9BFF1BFF554700B2944A /* AppDelegate.m */ = {isa = PBXFileReference; fileEncoding = 4; lastKnownFileType = sourcecode.c.objc; path = AppDelegate.m; sourceTree = "<group>"; };
		01BF9C071BFF554700B2944A /* GHGlobal.h */ = {isa = PBXFileReference; fileEncoding = 4; lastKnownFileType = sourcecode.c.h; path = GHGlobal.h; sourceTree = "<group>"; };
		01BF9C081BFF554700B2944A /* GHGlobal.m */ = {isa = PBXFileReference; fileEncoding = 4; lastKnownFileType = sourcecode.c.objc; path = GHGlobal.m; sourceTree = "<group>"; };
		01BF9C0B1BFF554700B2944A /* GHUserModel.h */ = {isa = PBXFileReference; fileEncoding = 4; lastKnownFileType = sourcecode.c.h; path = GHUserModel.h; sourceTree = "<group>"; };
		01BF9C0C1BFF554700B2944A /* GHUserModel.m */ = {isa = PBXFileReference; fileEncoding = 4; lastKnownFileType = sourcecode.c.objc; path = GHUserModel.m; sourceTree = "<group>"; };
		01BF9C0F1BFF554700B2944A /* GHLoginRequestParser.h */ = {isa = PBXFileReference; fileEncoding = 4; lastKnownFileType = sourcecode.c.h; path = GHLoginRequestParser.h; sourceTree = "<group>"; };
		01BF9C101BFF554700B2944A /* GHLoginRequestParser.m */ = {isa = PBXFileReference; fileEncoding = 4; lastKnownFileType = sourcecode.c.objc; path = GHLoginRequestParser.m; sourceTree = "<group>"; };
		01BF9C121BFF554700B2944A /* GHLoginRequest.h */ = {isa = PBXFileReference; fileEncoding = 4; lastKnownFileType = sourcecode.c.h; path = GHLoginRequest.h; sourceTree = "<group>"; };
		01BF9C131BFF554700B2944A /* GHLoginRequest.m */ = {isa = PBXFileReference; fileEncoding = 4; lastKnownFileType = sourcecode.c.objc; path = GHLoginRequest.m; sourceTree = "<group>"; };
		01BF9C151BFF554700B2944A /* BLMultipartForm.h */ = {isa = PBXFileReference; fileEncoding = 4; lastKnownFileType = sourcecode.c.h; path = BLMultipartForm.h; sourceTree = "<group>"; };
		01BF9C161BFF554700B2944A /* BLMultipartForm.m */ = {isa = PBXFileReference; fileEncoding = 4; lastKnownFileType = sourcecode.c.objc; path = BLMultipartForm.m; sourceTree = "<group>"; };
		01BF9C181BFF554700B2944A /* images.xcassets */ = {isa = PBXFileReference; lastKnownFileType = folder.assetcatalog; path = images.xcassets; sourceTree = "<group>"; };
		01BF9C191BFF554700B2944A /* LaunchScreen.storyboard */ = {isa = PBXFileReference; fileEncoding = 4; lastKnownFileType = file.storyboard; path = LaunchScreen.storyboard; sourceTree = "<group>"; };
		01BF9C1B1BFF554700B2944A /* Info.plist */ = {isa = PBXFileReference; fileEncoding = 4; lastKnownFileType = text.plist.xml; path = Info.plist; sourceTree = "<group>"; };
		01BF9C1C1BFF554700B2944A /* main.m */ = {isa = PBXFileReference; fileEncoding = 4; lastKnownFileType = sourcecode.c.objc; path = main.m; sourceTree = "<group>"; };
		01BF9C201BFF554700B2944A /* GHLoginAndRegister.storyboard */ = {isa = PBXFileReference; fileEncoding = 4; lastKnownFileType = file.storyboard; path = GHLoginAndRegister.storyboard; sourceTree = "<group>"; };
		01F3D4621C03242000882DDE /* GHLoginAndRegisterViewController.h */ = {isa = PBXFileReference; fileEncoding = 4; lastKnownFileType = sourcecode.c.h; path = GHLoginAndRegisterViewController.h; sourceTree = "<group>"; };
		01F3D4631C03242000882DDE /* GHLoginAndRegisterViewController.m */ = {isa = PBXFileReference; fileEncoding = 4; lastKnownFileType = sourcecode.c.objc; path = GHLoginAndRegisterViewController.m; sourceTree = "<group>"; };
		01F3D4651C03245500882DDE /* GHRegisterViewController.h */ = {isa = PBXFileReference; fileEncoding = 4; lastKnownFileType = sourcecode.c.h; path = GHRegisterViewController.h; sourceTree = "<group>"; };
		01F3D4661C03245500882DDE /* GHRegisterViewController.m */ = {isa = PBXFileReference; fileEncoding = 4; lastKnownFileType = sourcecode.c.objc; path = GHRegisterViewController.m; sourceTree = "<group>"; };
		01F3D4691C0346CF00882DDE /* GHRegisterRequest.h */ = {isa = PBXFileReference; fileEncoding = 4; lastKnownFileType = sourcecode.c.h; path = GHRegisterRequest.h; sourceTree = "<group>"; };
		01F3D46A1C0346CF00882DDE /* GHRegisterRequest.m */ = {isa = PBXFileReference; fileEncoding = 4; lastKnownFileType = sourcecode.c.objc; path = GHRegisterRequest.m; sourceTree = "<group>"; };
		01F3D46C1C03546C00882DDE /* GHRegisterRequestParser.h */ = {isa = PBXFileReference; fileEncoding = 4; lastKnownFileType = sourcecode.c.h; path = GHRegisterRequestParser.h; sourceTree = "<group>"; };
		01F3D46D1C03546C00882DDE /* GHRegisterRequestParser.m */ = {isa = PBXFileReference; fileEncoding = 4; lastKnownFileType = sourcecode.c.objc; path = GHRegisterRequestParser.m; sourceTree = "<group>"; };
		01F67BB21C059B8300F74828 /* GHNickNameViewController.h */ = {isa = PBXFileReference; fileEncoding = 4; lastKnownFileType = sourcecode.c.h; path = GHNickNameViewController.h; sourceTree = "<group>"; };
		01F67BB31C059B8300F74828 /* GHNickNameViewController.m */ = {isa = PBXFileReference; fileEncoding = 4; lastKnownFileType = sourcecode.c.objc; path = GHNickNameViewController.m; sourceTree = "<group>"; };
		01F67BB51C059D8F00F74828 /* GHHeadImageViewController.h */ = {isa = PBXFileReference; fileEncoding = 4; lastKnownFileType = sourcecode.c.h; path = GHHeadImageViewController.h; sourceTree = "<group>"; };
		01F67BB61C059D8F00F74828 /* GHHeadImageViewController.m */ = {isa = PBXFileReference; fileEncoding = 4; lastKnownFileType = sourcecode.c.objc; path = GHHeadImageViewController.m; sourceTree = "<group>"; };
		01F67BB81C05A15F00F74828 /* GHFollowUsAndHomePageViewController.h */ = {isa = PBXFileReference; fileEncoding = 4; lastKnownFileType = sourcecode.c.h; path = GHFollowUsAndHomePageViewController.h; sourceTree = "<group>"; };
		01F67BB91C05A15F00F74828 /* GHFollowUsAndHomePageViewController.m */ = {isa = PBXFileReference; fileEncoding = 4; lastKnownFileType = sourcecode.c.objc; path = GHFollowUsAndHomePageViewController.m; sourceTree = "<group>"; };
		01F67BBB1C05A25E00F74828 /* GHGetImage.h */ = {isa = PBXFileReference; fileEncoding = 4; lastKnownFileType = sourcecode.c.h; path = GHGetImage.h; sourceTree = "<group>"; };
		01F67BBC1C05A25E00F74828 /* GHGetImage.m */ = {isa = PBXFileReference; fileEncoding = 4; lastKnownFileType = sourcecode.c.objc; path = GHGetImage.m; sourceTree = "<group>"; };
		01F67BBF1C05AE9A00F74828 /* GHReNameRequest.h */ = {isa = PBXFileReference; fileEncoding = 4; lastKnownFileType = sourcecode.c.h; path = GHReNameRequest.h; sourceTree = "<group>"; };
		01F67BC01C05AE9A00F74828 /* GHReNameRequest.m */ = {isa = PBXFileReference; fileEncoding = 4; lastKnownFileType = sourcecode.c.objc; path = GHReNameRequest.m; sourceTree = "<group>"; };
		01F67BC21C05E67100F74828 /* GHReImageRequest.h */ = {isa = PBXFileReference; fileEncoding = 4; lastKnownFileType = sourcecode.c.h; path = GHReImageRequest.h; sourceTree = "<group>"; };
		01F67BC31C05E67100F74828 /* GHReImageRequest.m */ = {isa = PBXFileReference; fileEncoding = 4; lastKnownFileType = sourcecode.c.objc; path = GHReImageRequest.m; sourceTree = "<group>"; };
		01F67BC51C05FC4100F74828 /* GHPublishViewController.h */ = {isa = PBXFileReference; fileEncoding = 4; lastKnownFileType = sourcecode.c.h; path = GHPublishViewController.h; sourceTree = "<group>"; };
		01F67BC61C05FC4100F74828 /* GHPublishViewController.m */ = {isa = PBXFileReference; fileEncoding = 4; lastKnownFileType = sourcecode.c.objc; path = GHPublishViewController.m; sourceTree = "<group>"; };
		01FC15561C06F5DF00C3BDCA /* GHPublish.storyboard */ = {isa = PBXFileReference; fileEncoding = 4; lastKnownFileType = file.storyboard; path = GHPublish.storyboard; sourceTree = "<group>"; };
/* End PBXFileReference section */

/* Begin PBXFrameworksBuildPhase section */
		01BF9BC41BFF53FD00B2944A /* Frameworks */ = {
			isa = PBXFrameworksBuildPhase;
			buildActionMask = 2147483647;
			files = (
			);
			runOnlyForDeploymentPostprocessing = 0;
		};
		01BF9BDD1BFF53FD00B2944A /* Frameworks */ = {
			isa = PBXFrameworksBuildPhase;
			buildActionMask = 2147483647;
			files = (
			);
			runOnlyForDeploymentPostprocessing = 0;
		};
		01BF9BE81BFF53FD00B2944A /* Frameworks */ = {
			isa = PBXFrameworksBuildPhase;
			buildActionMask = 2147483647;
			files = (
			);
			runOnlyForDeploymentPostprocessing = 0;
		};
/* End PBXFrameworksBuildPhase section */

/* Begin PBXGroup section */
		01456CB21C04868E00063C87 /* My */ = {
			isa = PBXGroup;
			children = (
				01456CB31C0486BE00063C87 /* GHMyViewController.h */,
				01456CB41C0486BE00063C87 /* GHMyViewController.m */,
				01F67BB21C059B8300F74828 /* GHNickNameViewController.h */,
				01F67BB31C059B8300F74828 /* GHNickNameViewController.m */,
				01F67BB51C059D8F00F74828 /* GHHeadImageViewController.h */,
				01F67BB61C059D8F00F74828 /* GHHeadImageViewController.m */,
				01F67BB81C05A15F00F74828 /* GHFollowUsAndHomePageViewController.h */,
				01F67BB91C05A15F00F74828 /* GHFollowUsAndHomePageViewController.m */,
				01F67BC51C05FC4100F74828 /* GHPublishViewController.h */,
				01F67BC61C05FC4100F74828 /* GHPublishViewController.m */,
			);
			path = My;
			sourceTree = "<group>";
		};
		01BF9BBE1BFF53FD00B2944A = {
			isa = PBXGroup;
			children = (
				01BF9BC91BFF53FD00B2944A /* GHMoran */,
				01BF9BE31BFF53FD00B2944A /* GHMoranTests */,
				01BF9BEE1BFF53FD00B2944A /* GHMoranUITests */,
				01BF9BC81BFF53FD00B2944A /* Products */,
			);
			sourceTree = "<group>";
		};
		01BF9BC81BFF53FD00B2944A /* Products */ = {
			isa = PBXGroup;
			children = (
				01BF9BC71BFF53FD00B2944A /* GHMoran.app */,
				01BF9BE01BFF53FD00B2944A /* GHMoranTests.xctest */,
				01BF9BEB1BFF53FD00B2944A /* GHMoranUITests.xctest */,
			);
			name = Products;
			sourceTree = "<group>";
		};
		01BF9BC91BFF53FD00B2944A /* GHMoran */ = {
			isa = PBXGroup;
			children = (
				01BF9BFD1BFF554700B2944A /* App */,
				01BF9C001BFF554700B2944A /* Controllers */,
				01BF9C061BFF554700B2944A /* Globals */,
				01BF9C091BFF554700B2944A /* Models */,
				01BF9C0D1BFF554700B2944A /* NetWork */,
				01BF9C171BFF554700B2944A /* Resource */,
				01BF9C1A1BFF554700B2944A /* Supporting Files */,
				01BF9C1D1BFF554700B2944A /* Views */,
			);
			path = GHMoran;
			sourceTree = "<group>";
		};
		01BF9BE31BFF53FD00B2944A /* GHMoranTests */ = {
			isa = PBXGroup;
			children = (
				01BF9BE41BFF53FD00B2944A /* GHMoranTests.m */,
				01BF9BE61BFF53FD00B2944A /* Info.plist */,
			);
			path = GHMoranTests;
			sourceTree = "<group>";
		};
		01BF9BEE1BFF53FD00B2944A /* GHMoranUITests */ = {
			isa = PBXGroup;
			children = (
				01BF9BEF1BFF53FD00B2944A /* GHMoranUITests.m */,
				01BF9BF11BFF53FD00B2944A /* Info.plist */,
			);
			path = GHMoranUITests;
			sourceTree = "<group>";
		};
		01BF9BFD1BFF554700B2944A /* App */ = {
			isa = PBXGroup;
			children = (
				01BF9BFE1BFF554700B2944A /* AppDelegate.h */,
				01BF9BFF1BFF554700B2944A /* AppDelegate.m */,
			);
			path = App;
			sourceTree = "<group>";
		};
		01BF9C001BFF554700B2944A /* Controllers */ = {
			isa = PBXGroup;
			children = (
				01456CB21C04868E00063C87 /* My */,
				01F3D4611C03242000882DDE /* LoginAndRegister */,
			);
			path = Controllers;
			sourceTree = "<group>";
		};
		01BF9C061BFF554700B2944A /* Globals */ = {
			isa = PBXGroup;
			children = (
				01BF9C071BFF554700B2944A /* GHGlobal.h */,
				01BF9C081BFF554700B2944A /* GHGlobal.m */,
			);
			path = Globals;
			sourceTree = "<group>";
		};
		01BF9C091BFF554700B2944A /* Models */ = {
			isa = PBXGroup;
			children = (
				01BF9C0A1BFF554700B2944A /* Login */,
			);
			path = Models;
			sourceTree = "<group>";
		};
		01BF9C0A1BFF554700B2944A /* Login */ = {
			isa = PBXGroup;
			children = (
				01BF9C0B1BFF554700B2944A /* GHUserModel.h */,
				01BF9C0C1BFF554700B2944A /* GHUserModel.m */,
			);
			path = Login;
			sourceTree = "<group>";
		};
		01BF9C0D1BFF554700B2944A /* NetWork */ = {
			isa = PBXGroup;
			children = (
				01BF9C0E1BFF554700B2944A /* Parsers */,
				01BF9C111BFF554700B2944A /* Requests */,
				01BF9C141BFF554700B2944A /* Utilities */,
			);
			path = NetWork;
			sourceTree = "<group>";
		};
		01BF9C0E1BFF554700B2944A /* Parsers */ = {
			isa = PBXGroup;
			children = (
				01BF9C0F1BFF554700B2944A /* GHLoginRequestParser.h */,
				01BF9C101BFF554700B2944A /* GHLoginRequestParser.m */,
				01F3D46C1C03546C00882DDE /* GHRegisterRequestParser.h */,
				01F3D46D1C03546C00882DDE /* GHRegisterRequestParser.m */,
			);
			path = Parsers;
			sourceTree = "<group>";
		};
		01BF9C111BFF554700B2944A /* Requests */ = {
			isa = PBXGroup;
			children = (
				01F67BBE1C05AE7600F74828 /* My */,
				01F3D4681C03468300882DDE /* LoginAndRegister */,
			);
			path = Requests;
			sourceTree = "<group>";
		};
		01BF9C141BFF554700B2944A /* Utilities */ = {
			isa = PBXGroup;
			children = (
				01BF9C151BFF554700B2944A /* BLMultipartForm.h */,
				01BF9C161BFF554700B2944A /* BLMultipartForm.m */,
			);
			path = Utilities;
			sourceTree = "<group>";
		};
		01BF9C171BFF554700B2944A /* Resource */ = {
			isa = PBXGroup;
			children = (
				01BF9C181BFF554700B2944A /* images.xcassets */,
				01BF9C191BFF554700B2944A /* LaunchScreen.storyboard */,
			);
			path = Resource;
			sourceTree = "<group>";
		};
		01BF9C1A1BFF554700B2944A /* Supporting Files */ = {
			isa = PBXGroup;
			children = (
				01BF9C1B1BFF554700B2944A /* Info.plist */,
				01BF9C1C1BFF554700B2944A /* main.m */,
			);
			path = "Supporting Files";
			sourceTree = "<group>";
		};
		01BF9C1D1BFF554700B2944A /* Views */ = {
			isa = PBXGroup;
			children = (
				01BF9C1F1BFF554700B2944A /* Storyboard */,
			);
			path = Views;
			sourceTree = "<group>";
		};
		01BF9C1F1BFF554700B2944A /* Storyboard */ = {
			isa = PBXGroup;
			children = (
				01BF9C201BFF554700B2944A /* GHLoginAndRegister.storyboard */,
				01456CB01C04851700063C87 /* GHMy.storyboard */,
				01FC15561C06F5DF00C3BDCA /* GHPublish.storyboard */,
			);
			path = Storyboard;
			sourceTree = "<group>";
		};
		01F3D4611C03242000882DDE /* LoginAndRegister */ = {
			isa = PBXGroup;
			children = (
				01F3D4621C03242000882DDE /* GHLoginAndRegisterViewController.h */,
				01F3D4631C03242000882DDE /* GHLoginAndRegisterViewController.m */,
				01F3D4651C03245500882DDE /* GHRegisterViewController.h */,
				01F3D4661C03245500882DDE /* GHRegisterViewController.m */,
			);
			path = LoginAndRegister;
			sourceTree = "<group>";
		};
		01F3D4681C03468300882DDE /* LoginAndRegister */ = {
			isa = PBXGroup;
			children = (
				01BF9C121BFF554700B2944A /* GHLoginRequest.h */,
				01BF9C131BFF554700B2944A /* GHLoginRequest.m */,
				01F3D4691C0346CF00882DDE /* GHRegisterRequest.h */,
				01F3D46A1C0346CF00882DDE /* GHRegisterRequest.m */,
				01F67BBB1C05A25E00F74828 /* GHGetImage.h */,
				01F67BBC1C05A25E00F74828 /* GHGetImage.m */,
			);
			name = LoginAndRegister;
			sourceTree = "<group>";
		};
		01F67BBE1C05AE7600F74828 /* My */ = {
			isa = PBXGroup;
			children = (
				01F67BBF1C05AE9A00F74828 /* GHReNameRequest.h */,
				01F67BC01C05AE9A00F74828 /* GHReNameRequest.m */,
				01F67BC21C05E67100F74828 /* GHReImageRequest.h */,
				01F67BC31C05E67100F74828 /* GHReImageRequest.m */,
			);
			name = My;
			sourceTree = "<group>";
		};
/* End PBXGroup section */

/* Begin PBXNativeTarget section */
		01BF9BC61BFF53FD00B2944A /* GHMoran */ = {
			isa = PBXNativeTarget;
			buildConfigurationList = 01BF9BF41BFF53FD00B2944A /* Build configuration list for PBXNativeTarget "GHMoran" */;
			buildPhases = (
				01BF9BC31BFF53FD00B2944A /* Sources */,
				01BF9BC41BFF53FD00B2944A /* Frameworks */,
				01BF9BC51BFF53FD00B2944A /* Resources */,
			);
			buildRules = (
			);
			dependencies = (
			);
			name = GHMoran;
			productName = GHMoran;
			productReference = 01BF9BC71BFF53FD00B2944A /* GHMoran.app */;
			productType = "com.apple.product-type.application";
		};
		01BF9BDF1BFF53FD00B2944A /* GHMoranTests */ = {
			isa = PBXNativeTarget;
			buildConfigurationList = 01BF9BF71BFF53FD00B2944A /* Build configuration list for PBXNativeTarget "GHMoranTests" */;
			buildPhases = (
				01BF9BDC1BFF53FD00B2944A /* Sources */,
				01BF9BDD1BFF53FD00B2944A /* Frameworks */,
				01BF9BDE1BFF53FD00B2944A /* Resources */,
			);
			buildRules = (
			);
			dependencies = (
				01BF9BE21BFF53FD00B2944A /* PBXTargetDependency */,
			);
			name = GHMoranTests;
			productName = GHMoranTests;
			productReference = 01BF9BE01BFF53FD00B2944A /* GHMoranTests.xctest */;
			productType = "com.apple.product-type.bundle.unit-test";
		};
		01BF9BEA1BFF53FD00B2944A /* GHMoranUITests */ = {
			isa = PBXNativeTarget;
			buildConfigurationList = 01BF9BFA1BFF53FD00B2944A /* Build configuration list for PBXNativeTarget "GHMoranUITests" */;
			buildPhases = (
				01BF9BE71BFF53FD00B2944A /* Sources */,
				01BF9BE81BFF53FD00B2944A /* Frameworks */,
				01BF9BE91BFF53FD00B2944A /* Resources */,
			);
			buildRules = (
			);
			dependencies = (
				01BF9BED1BFF53FD00B2944A /* PBXTargetDependency */,
			);
			name = GHMoranUITests;
			productName = GHMoranUITests;
			productReference = 01BF9BEB1BFF53FD00B2944A /* GHMoranUITests.xctest */;
			productType = "com.apple.product-type.bundle.ui-testing";
		};
/* End PBXNativeTarget section */

/* Begin PBXProject section */
		01BF9BBF1BFF53FD00B2944A /* Project object */ = {
			isa = PBXProject;
			attributes = {
				LastUpgradeCheck = 0710;
				ORGANIZATIONNAME = GH;
				TargetAttributes = {
					01BF9BC61BFF53FD00B2944A = {
						CreatedOnToolsVersion = 7.1;
						DevelopmentTeam = C5EW5HCN46;
					};
					01BF9BDF1BFF53FD00B2944A = {
						CreatedOnToolsVersion = 7.1;
						TestTargetID = 01BF9BC61BFF53FD00B2944A;
					};
					01BF9BEA1BFF53FD00B2944A = {
						CreatedOnToolsVersion = 7.1;
						TestTargetID = 01BF9BC61BFF53FD00B2944A;
					};
				};
			};
			buildConfigurationList = 01BF9BC21BFF53FD00B2944A /* Build configuration list for PBXProject "GHMoran" */;
			compatibilityVersion = "Xcode 3.2";
			developmentRegion = English;
			hasScannedForEncodings = 0;
			knownRegions = (
				en,
				Base,
			);
			mainGroup = 01BF9BBE1BFF53FD00B2944A;
			productRefGroup = 01BF9BC81BFF53FD00B2944A /* Products */;
			projectDirPath = "";
			projectRoot = "";
			targets = (
				01BF9BC61BFF53FD00B2944A /* GHMoran */,
				01BF9BDF1BFF53FD00B2944A /* GHMoranTests */,
				01BF9BEA1BFF53FD00B2944A /* GHMoranUITests */,
			);
		};
/* End PBXProject section */

/* Begin PBXResourcesBuildPhase section */
		01BF9BC51BFF53FD00B2944A /* Resources */ = {
			isa = PBXResourcesBuildPhase;
			buildActionMask = 2147483647;
			files = (
				01BF9C2D1BFF554700B2944A /* GHLoginAndRegister.storyboard in Resources */,
				01FC15571C06F5DF00C3BDCA /* GHPublish.storyboard in Resources */,
				01BF9C291BFF554700B2944A /* images.xcassets in Resources */,
				01BF9C2A1BFF554700B2944A /* LaunchScreen.storyboard in Resources */,
				01456CB11C04851700063C87 /* GHMy.storyboard in Resources */,
				01BF9C2B1BFF554700B2944A /* Info.plist in Resources */,
			);
			runOnlyForDeploymentPostprocessing = 0;
		};
		01BF9BDE1BFF53FD00B2944A /* Resources */ = {
			isa = PBXResourcesBuildPhase;
			buildActionMask = 2147483647;
			files = (
			);
			runOnlyForDeploymentPostprocessing = 0;
		};
		01BF9BE91BFF53FD00B2944A /* Resources */ = {
			isa = PBXResourcesBuildPhase;
			buildActionMask = 2147483647;
			files = (
			);
			runOnlyForDeploymentPostprocessing = 0;
		};
/* End PBXResourcesBuildPhase section */

/* Begin PBXSourcesBuildPhase section */
		01BF9BC31BFF53FD00B2944A /* Sources */ = {
			isa = PBXSourcesBuildPhase;
			buildActionMask = 2147483647;
			files = (
				01BF9C281BFF554700B2944A /* BLMultipartForm.m in Sources */,
				01F3D46B1C0346CF00882DDE /* GHRegisterRequest.m in Sources */,
				01F3D4671C03245500882DDE /* GHRegisterViewController.m in Sources */,
				01BF9C261BFF554700B2944A /* GHLoginRequestParser.m in Sources */,
				01BF9C271BFF554700B2944A /* GHLoginRequest.m in Sources */,
				01BF9C241BFF554700B2944A /* GHGlobal.m in Sources */,
				01F3D4641C03242000882DDE /* GHLoginAndRegisterViewController.m in Sources */,
				01F67BB71C059D8F00F74828 /* GHHeadImageViewController.m in Sources */,
				01F67BC11C05AE9A00F74828 /* GHReNameRequest.m in Sources */,
				01F67BB41C059B8300F74828 /* GHNickNameViewController.m in Sources */,
				01F67BBD1C05A25E00F74828 /* GHGetImage.m in Sources */,
				01456CB51C0486BE00063C87 /* GHMyViewController.m in Sources */,
				01F3D46E1C03546C00882DDE /* GHRegisterRequestParser.m in Sources */,
				01BF9C251BFF554700B2944A /* GHUserModel.m in Sources */,
				01F67BC71C05FC4100F74828 /* GHPublishViewController.m in Sources */,
				01BF9C2C1BFF554700B2944A /* main.m in Sources */,
				01F67BC41C05E67100F74828 /* GHReImageRequest.m in Sources */,
				01BF9C211BFF554700B2944A /* AppDelegate.m in Sources */,
				01F67BBA1C05A15F00F74828 /* GHFollowUsAndHomePageViewController.m in Sources */,
			);
			runOnlyForDeploymentPostprocessing = 0;
		};
		01BF9BDC1BFF53FD00B2944A /* Sources */ = {
			isa = PBXSourcesBuildPhase;
			buildActionMask = 2147483647;
			files = (
				01BF9BE51BFF53FD00B2944A /* GHMoranTests.m in Sources */,
			);
			runOnlyForDeploymentPostprocessing = 0;
		};
		01BF9BE71BFF53FD00B2944A /* Sources */ = {
			isa = PBXSourcesBuildPhase;
			buildActionMask = 2147483647;
			files = (
				01BF9BF01BFF53FD00B2944A /* GHMoranUITests.m in Sources */,
			);
			runOnlyForDeploymentPostprocessing = 0;
		};
/* End PBXSourcesBuildPhase section */

/* Begin PBXTargetDependency section */
		01BF9BE21BFF53FD00B2944A /* PBXTargetDependency */ = {
			isa = PBXTargetDependency;
			target = 01BF9BC61BFF53FD00B2944A /* GHMoran */;
			targetProxy = 01BF9BE11BFF53FD00B2944A /* PBXContainerItemProxy */;
		};
		01BF9BED1BFF53FD00B2944A /* PBXTargetDependency */ = {
			isa = PBXTargetDependency;
			target = 01BF9BC61BFF53FD00B2944A /* GHMoran */;
			targetProxy = 01BF9BEC1BFF53FD00B2944A /* PBXContainerItemProxy */;
		};
/* End PBXTargetDependency section */

/* Begin XCBuildConfiguration section */
		01BF9BF21BFF53FD00B2944A /* Debug */ = {
			isa = XCBuildConfiguration;
			buildSettings = {
				ALWAYS_SEARCH_USER_PATHS = NO;
				CLANG_CXX_LANGUAGE_STANDARD = "gnu++0x";
				CLANG_CXX_LIBRARY = "libc++";
				CLANG_ENABLE_MODULES = YES;
				CLANG_ENABLE_OBJC_ARC = YES;
				CLANG_WARN_BOOL_CONVERSION = YES;
				CLANG_WARN_CONSTANT_CONVERSION = YES;
				CLANG_WARN_DIRECT_OBJC_ISA_USAGE = YES_ERROR;
				CLANG_WARN_EMPTY_BODY = YES;
				CLANG_WARN_ENUM_CONVERSION = YES;
				CLANG_WARN_INT_CONVERSION = YES;
				CLANG_WARN_OBJC_ROOT_CLASS = YES_ERROR;
				CLANG_WARN_UNREACHABLE_CODE = YES;
				CLANG_WARN__DUPLICATE_METHOD_MATCH = YES;
				"CODE_SIGN_IDENTITY[sdk=iphoneos*]" = "iPhone Developer";
				COPY_PHASE_STRIP = NO;
				DEBUG_INFORMATION_FORMAT = dwarf;
				ENABLE_STRICT_OBJC_MSGSEND = YES;
				ENABLE_TESTABILITY = YES;
				GCC_C_LANGUAGE_STANDARD = gnu99;
				GCC_DYNAMIC_NO_PIC = NO;
				GCC_NO_COMMON_BLOCKS = YES;
				GCC_OPTIMIZATION_LEVEL = 0;
				GCC_PREPROCESSOR_DEFINITIONS = (
					"DEBUG=1",
					"$(inherited)",
				);
				GCC_WARN_64_TO_32_BIT_CONVERSION = YES;
				GCC_WARN_ABOUT_RETURN_TYPE = YES_ERROR;
				GCC_WARN_UNDECLARED_SELECTOR = YES;
				GCC_WARN_UNINITIALIZED_AUTOS = YES_AGGRESSIVE;
				GCC_WARN_UNUSED_FUNCTION = YES;
				GCC_WARN_UNUSED_VARIABLE = YES;
				IPHONEOS_DEPLOYMENT_TARGET = 9.1;
				MTL_ENABLE_DEBUG_INFO = YES;
				ONLY_ACTIVE_ARCH = YES;
				SDKROOT = iphoneos;
				TARGETED_DEVICE_FAMILY = "1,2";
			};
			name = Debug;
		};
		01BF9BF31BFF53FD00B2944A /* Release */ = {
			isa = XCBuildConfiguration;
			buildSettings = {
				ALWAYS_SEARCH_USER_PATHS = NO;
				CLANG_CXX_LANGUAGE_STANDARD = "gnu++0x";
				CLANG_CXX_LIBRARY = "libc++";
				CLANG_ENABLE_MODULES = YES;
				CLANG_ENABLE_OBJC_ARC = YES;
				CLANG_WARN_BOOL_CONVERSION = YES;
				CLANG_WARN_CONSTANT_CONVERSION = YES;
				CLANG_WARN_DIRECT_OBJC_ISA_USAGE = YES_ERROR;
				CLANG_WARN_EMPTY_BODY = YES;
				CLANG_WARN_ENUM_CONVERSION = YES;
				CLANG_WARN_INT_CONVERSION = YES;
				CLANG_WARN_OBJC_ROOT_CLASS = YES_ERROR;
				CLANG_WARN_UNREACHABLE_CODE = YES;
				CLANG_WARN__DUPLICATE_METHOD_MATCH = YES;
				"CODE_SIGN_IDENTITY[sdk=iphoneos*]" = "iPhone Developer";
				COPY_PHASE_STRIP = NO;
				DEBUG_INFORMATION_FORMAT = "dwarf-with-dsym";
				ENABLE_NS_ASSERTIONS = NO;
				ENABLE_STRICT_OBJC_MSGSEND = YES;
				GCC_C_LANGUAGE_STANDARD = gnu99;
				GCC_NO_COMMON_BLOCKS = YES;
				GCC_WARN_64_TO_32_BIT_CONVERSION = YES;
				GCC_WARN_ABOUT_RETURN_TYPE = YES_ERROR;
				GCC_WARN_UNDECLARED_SELECTOR = YES;
				GCC_WARN_UNINITIALIZED_AUTOS = YES_AGGRESSIVE;
				GCC_WARN_UNUSED_FUNCTION = YES;
				GCC_WARN_UNUSED_VARIABLE = YES;
				IPHONEOS_DEPLOYMENT_TARGET = 9.1;
				MTL_ENABLE_DEBUG_INFO = NO;
				SDKROOT = iphoneos;
				TARGETED_DEVICE_FAMILY = "1,2";
				VALIDATE_PRODUCT = YES;
			};
			name = Release;
		};
		01BF9BF51BFF53FD00B2944A /* Debug */ = {
			isa = XCBuildConfiguration;
			buildSettings = {
				CODE_SIGN_IDENTITY = "iPhone Developer";
				INFOPLIST_FILE = "$(SRCROOT)/GHMoran/Supporting Files/Info.plist";
				IPHONEOS_DEPLOYMENT_TARGET = 8.0;
				LD_RUNPATH_SEARCH_PATHS = "$(inherited) @executable_path/Frameworks";
				PRODUCT_BUNDLE_IDENTIFIER = "alsace.gao-carestream.com.GHMoran";
				PRODUCT_NAME = "$(TARGET_NAME)";
				TARGETED_DEVICE_FAMILY = 1;
			};
			name = Debug;
		};
		01BF9BF61BFF53FD00B2944A /* Release */ = {
			isa = XCBuildConfiguration;
			buildSettings = {
				CODE_SIGN_IDENTITY = "iPhone Developer";
				INFOPLIST_FILE = "$(SRCROOT)/GHMoran/Supporting Files/Info.plist";
				IPHONEOS_DEPLOYMENT_TARGET = 8.0;
				LD_RUNPATH_SEARCH_PATHS = "$(inherited) @executable_path/Frameworks";
				PRODUCT_BUNDLE_IDENTIFIER = "alsace.gao-carestream.com.GHMoran";
				PRODUCT_NAME = "$(TARGET_NAME)";
				TARGETED_DEVICE_FAMILY = 1;
			};
			name = Release;
		};
		01BF9BF81BFF53FD00B2944A /* Debug */ = {
			isa = XCBuildConfiguration;
			buildSettings = {
				BUNDLE_LOADER = "$(TEST_HOST)";
				INFOPLIST_FILE = GHMoranTests/Info.plist;
				LD_RUNPATH_SEARCH_PATHS = "$(inherited) @executable_path/Frameworks @loader_path/Frameworks";
				PRODUCT_BUNDLE_IDENTIFIER = "alsace.gao-carestream.com.GHMoranTests";
				PRODUCT_NAME = "$(TARGET_NAME)";
				TEST_HOST = "$(BUILT_PRODUCTS_DIR)/GHMoran.app/GHMoran";
			};
			name = Debug;
		};
		01BF9BF91BFF53FD00B2944A /* Release */ = {
			isa = XCBuildConfiguration;
			buildSettings = {
				BUNDLE_LOADER = "$(TEST_HOST)";
				INFOPLIST_FILE = GHMoranTests/Info.plist;
				LD_RUNPATH_SEARCH_PATHS = "$(inherited) @executable_path/Frameworks @loader_path/Frameworks";
				PRODUCT_BUNDLE_IDENTIFIER = "alsace.gao-carestream.com.GHMoranTests";
				PRODUCT_NAME = "$(TARGET_NAME)";
				TEST_HOST = "$(BUILT_PRODUCTS_DIR)/GHMoran.app/GHMoran";
			};
			name = Release;
		};
		01BF9BFB1BFF53FD00B2944A /* Debug */ = {
			isa = XCBuildConfiguration;
			buildSettings = {
				INFOPLIST_FILE = GHMoranUITests/Info.plist;
				LD_RUNPATH_SEARCH_PATHS = "$(inherited) @executable_path/Frameworks @loader_path/Frameworks";
				PRODUCT_BUNDLE_IDENTIFIER = "alsace.gao-carestream.com.GHMoranUITests";
				PRODUCT_NAME = "$(TARGET_NAME)";
				TEST_TARGET_NAME = GHMoran;
				USES_XCTRUNNER = YES;
			};
			name = Debug;
		};
		01BF9BFC1BFF53FD00B2944A /* Release */ = {
			isa = XCBuildConfiguration;
			buildSettings = {
				INFOPLIST_FILE = GHMoranUITests/Info.plist;
				LD_RUNPATH_SEARCH_PATHS = "$(inherited) @executable_path/Frameworks @loader_path/Frameworks";
				PRODUCT_BUNDLE_IDENTIFIER = "alsace.gao-carestream.com.GHMoranUITests";
				PRODUCT_NAME = "$(TARGET_NAME)";
				TEST_TARGET_NAME = GHMoran;
				USES_XCTRUNNER = YES;
			};
			name = Release;
		};
/* End XCBuildConfiguration section */

/* Begin XCConfigurationList section */
		01BF9BC21BFF53FD00B2944A /* Build configuration list for PBXProject "GHMoran" */ = {
			isa = XCConfigurationList;
			buildConfigurations = (
				01BF9BF21BFF53FD00B2944A /* Debug */,
				01BF9BF31BFF53FD00B2944A /* Release */,
			);
			defaultConfigurationIsVisible = 0;
			defaultConfigurationName = Release;
		};
		01BF9BF41BFF53FD00B2944A /* Build configuration list for PBXNativeTarget "GHMoran" */ = {
			isa = XCConfigurationList;
			buildConfigurations = (
				01BF9BF51BFF53FD00B2944A /* Debug */,
				01BF9BF61BFF53FD00B2944A /* Release */,
			);
			defaultConfigurationIsVisible = 0;
			defaultConfigurationName = Release;
		};
		01BF9BF71BFF53FD00B2944A /* Build configuration list for PBXNativeTarget "GHMoranTests" */ = {
			isa = XCConfigurationList;
			buildConfigurations = (
				01BF9BF81BFF53FD00B2944A /* Debug */,
				01BF9BF91BFF53FD00B2944A /* Release */,
			);
			defaultConfigurationIsVisible = 0;
			defaultConfigurationName = Release;
		};
		01BF9BFA1BFF53FD00B2944A /* Build configuration list for PBXNativeTarget "GHMoranUITests" */ = {
			isa = XCConfigurationList;
			buildConfigurations = (
				01BF9BFB1BFF53FD00B2944A /* Debug */,
				01BF9BFC1BFF53FD00B2944A /* Release */,
			);
			defaultConfigurationIsVisible = 0;
			defaultConfigurationName = Release;
		};
/* End XCConfigurationList section */
	};
	rootObject = 01BF9BBF1BFF53FD00B2944A /* Project object */;
}
